// !$*UTF8*$!
{
	archiveVersion = 1;
	classes = {
	};
	objectVersion = 56;
	objects = {

/* Begin PBXBuildFile section */
		681297392AE64432000CC957 /* PhraseView.swift in Sources */ = {isa = PBXBuildFile; fileRef = 681297382AE64432000CC957 /* PhraseView.swift */; };
		6812973B2AE648E0000CC957 /* SummaryComponent.swift in Sources */ = {isa = PBXBuildFile; fileRef = 6812973A2AE648E0000CC957 /* SummaryComponent.swift */; };
		6820884C2AF11EB200F51A3E /* PrecountView.swift in Sources */ = {isa = PBXBuildFile; fileRef = 6820884B2AF11EB200F51A3E /* PrecountView.swift */; };
		682D64832AFD1B6B00D7F07B /* ProfileModel.swift in Sources */ = {isa = PBXBuildFile; fileRef = 682D64822AFD1B6B00D7F07B /* ProfileModel.swift */; };
		682D64852AFD1BA000D7F07B /* ProfileImage.swift in Sources */ = {isa = PBXBuildFile; fileRef = 682D64842AFD1BA000D7F07B /* ProfileImage.swift */; };
		682D64872AFD1D8500D7F07B /* Profile.swift in Sources */ = {isa = PBXBuildFile; fileRef = 682D64862AFD1D8500D7F07B /* Profile.swift */; };
		682D64892AFDBF8C00D7F07B /* PhotoSelectButtonView.swift in Sources */ = {isa = PBXBuildFile; fileRef = 682D64882AFDBF8C00D7F07B /* PhotoSelectButtonView.swift */; };
		682D64A82AFE77D500D7F07B /* SoundManager.swift in Sources */ = {isa = PBXBuildFile; fileRef = 682D64A72AFE77D500D7F07B /* SoundManager.swift */; };
		682D64B12AFE90A000D7F07B /* CardFlipEffect.mp3 in Resources */ = {isa = PBXBuildFile; fileRef = 682D64B02AFE90A000D7F07B /* CardFlipEffect.mp3 */; };
		682D64B32AFEA6F000D7F07B /* PhotoSelectEffect.mp3 in Resources */ = {isa = PBXBuildFile; fileRef = 682D64B22AFEA6F000D7F07B /* PhotoSelectEffect.mp3 */; };
		683825052B06249F00FE9CDF /* SprintSheetView.swift in Sources */ = {isa = PBXBuildFile; fileRef = 683825042B06249F00FE9CDF /* SprintSheetView.swift */; };
		6851E6E32B0C8E7F007D1DD8 /* Text+extension.swift in Sources */ = {isa = PBXBuildFile; fileRef = 6851E6E22B0C8E7F007D1DD8 /* Text+extension.swift */; };
		6851E6E42B0C8E7F007D1DD8 /* Text+extension.swift in Sources */ = {isa = PBXBuildFile; fileRef = 6851E6E22B0C8E7F007D1DD8 /* Text+extension.swift */; };
		685D7B592AE38D1A00783433 /* .swiftlint.yml in Resources */ = {isa = PBXBuildFile; fileRef = 685D7B582AE38D1A00783433 /* .swiftlint.yml */; };
		685D7B5A2AE38D1A00783433 /* .swiftlint.yml in Resources */ = {isa = PBXBuildFile; fileRef = 685D7B582AE38D1A00783433 /* .swiftlint.yml */; };
		685D7B5F2AE3F3D000783433 /* WatchWorkoutManager.swift in Sources */ = {isa = PBXBuildFile; fileRef = 685D7B5E2AE3F3D000783433 /* WatchWorkoutManager.swift */; };
		685D7B652AE529E800783433 /* AnalyticsView.swift in Sources */ = {isa = PBXBuildFile; fileRef = 685D7B642AE529E800783433 /* AnalyticsView.swift */; };
		685D7B6E2AE5396200783433 /* LightRectangleView.swift in Sources */ = {isa = PBXBuildFile; fileRef = 685D7B6D2AE5396200783433 /* LightRectangleView.swift */; };
		685D7B752AE53DC400783433 /* SpeedChart.swift in Sources */ = {isa = PBXBuildFile; fileRef = 685D7B742AE53DC400783433 /* SpeedChart.swift */; };
		6876C0BF2B0B7F73005C6872 /* FifaBackground.mp3 in Resources */ = {isa = PBXBuildFile; fileRef = 6876C0BE2B0B7F73005C6872 /* FifaBackground.mp3 */; };
		6898F2852AEFD7FC0075A573 /* SprintView.swift in Sources */ = {isa = PBXBuildFile; fileRef = 6898F2842AEFD7FC0075A573 /* SprintView.swift */; };
		68B0732E2AF11847004C723F /* AlertView.swift in Sources */ = {isa = PBXBuildFile; fileRef = 68B0732C2AF11847004C723F /* AlertView.swift */; };
		68D5A6002BAD503100C80831 /* GuideAuthorizationView.swift in Sources */ = {isa = PBXBuildFile; fileRef = 68D5A5FF2BAD503100C80831 /* GuideAuthorizationView.swift */; };
		68FDD5DA2AE60FAA00B8ACB9 /* Color+extension.swift in Sources */ = {isa = PBXBuildFile; fileRef = BE22D6342AE586AA009035C9 /* Color+extension.swift */; };
		68FDD5DD2AE61D6B00B8ACB9 /* SummaryView.swift in Sources */ = {isa = PBXBuildFile; fileRef = 68FDD5DC2AE61D6B00B8ACB9 /* SummaryView.swift */; };
		BE010D392B0511CC0093A5FE /* FloatingCapsuleModifier.swift in Sources */ = {isa = PBXBuildFile; fileRef = BE010D382B0511CC0093A5FE /* FloatingCapsuleModifier.swift */; };
		BE010D3A2B0511CC0093A5FE /* FloatingCapsuleModifier.swift in Sources */ = {isa = PBXBuildFile; fileRef = BE010D382B0511CC0093A5FE /* FloatingCapsuleModifier.swift */; };
		BE010D3C2B0512680093A5FE /* Double+extension.swift in Sources */ = {isa = PBXBuildFile; fileRef = BE010D3B2B0512680093A5FE /* Double+extension.swift */; };
		BE010D3D2B0512680093A5FE /* Double+extension.swift in Sources */ = {isa = PBXBuildFile; fileRef = BE010D3B2B0512680093A5FE /* Double+extension.swift */; };
		BE0639D82AE61BC2008D1D4E /* SplitControlsView.swift in Sources */ = {isa = PBXBuildFile; fileRef = BE0639D72AE61BC2008D1D4E /* SplitControlsView.swift */; };
		BE0639DA2AE66D93008D1D4E /* SessionPagingView.swift in Sources */ = {isa = PBXBuildFile; fileRef = BE0639D92AE66D93008D1D4E /* SessionPagingView.swift */; };
		BE16B7C32B0B7D0300192C3B /* TrophyCollectionView.swift in Sources */ = {isa = PBXBuildFile; fileRef = BE16B7C22B0B7D0300192C3B /* TrophyCollectionView.swift */; };
		BE22D6352AE586AA009035C9 /* GameProgressView.swift in Sources */ = {isa = PBXBuildFile; fileRef = BE22D6302AE586AA009035C9 /* GameProgressView.swift */; };
		BE22D6372AE586AA009035C9 /* SprintStatusView.swift in Sources */ = {isa = PBXBuildFile; fileRef = BE22D6322AE586AA009035C9 /* SprintStatusView.swift */; };
		BE22D6382AE586AA009035C9 /* Color+extension.swift in Sources */ = {isa = PBXBuildFile; fileRef = BE22D6342AE586AA009035C9 /* Color+extension.swift */; };
		BE323D3E2B0B7EE200F289D4 /* TrophyView.swift in Sources */ = {isa = PBXBuildFile; fileRef = BE323D3D2B0B7EE200F289D4 /* TrophyView.swift */; };
		BE323D402B0C80C200F289D4 /* TooltipView.swift in Sources */ = {isa = PBXBuildFile; fileRef = BE323D3F2B0C80C200F289D4 /* TooltipView.swift */; };
		BE323D422B0CC49500F289D4 /* SF-Pro-Text-Medium.otf in Resources */ = {isa = PBXBuildFile; fileRef = BE323D412B0CC49500F289D4 /* SF-Pro-Text-Medium.otf */; };
		BE323D432B0CC49500F289D4 /* SF-Pro-Text-Medium.otf in Resources */ = {isa = PBXBuildFile; fileRef = BE323D412B0CC49500F289D4 /* SF-Pro-Text-Medium.otf */; };
		BE323D452B0CC4A700F289D4 /* SF-Pro-Text-Light.otf in Resources */ = {isa = PBXBuildFile; fileRef = BE323D442B0CC4A700F289D4 /* SF-Pro-Text-Light.otf */; };
		BE323D462B0CC4A700F289D4 /* SF-Pro-Text-Light.otf in Resources */ = {isa = PBXBuildFile; fileRef = BE323D442B0CC4A700F289D4 /* SF-Pro-Text-Light.otf */; };
		BE323D482B0CC5DE00F289D4 /* SF-Pro-Text-MediumItalic.otf in Resources */ = {isa = PBXBuildFile; fileRef = BE323D472B0CC5DE00F289D4 /* SF-Pro-Text-MediumItalic.otf */; };
		BE323D492B0CC5DE00F289D4 /* SF-Pro-Text-MediumItalic.otf in Resources */ = {isa = PBXBuildFile; fileRef = BE323D472B0CC5DE00F289D4 /* SF-Pro-Text-MediumItalic.otf */; };
		BE360EFE2B9703A700071C30 /* WorkoutData.swift in Sources */ = {isa = PBXBuildFile; fileRef = D3D4F18C2AF26662006C6B8A /* WorkoutData.swift */; };
		BE360F002B9FF4A100071C30 /* MatricsIndicator.swift in Sources */ = {isa = PBXBuildFile; fileRef = BE360EFF2B9FF4A100071C30 /* MatricsIndicator.swift */; };
		BE360F022BA016EA00071C30 /* WorkoutManager+extensions.swift in Sources */ = {isa = PBXBuildFile; fileRef = BE360F012BA016EA00071C30 /* WorkoutManager+extensions.swift */; };
		BE4069992AF0EB3E00FA3030 /* Phrase.json in Resources */ = {isa = PBXBuildFile; fileRef = BE4069962AF0E84300FA3030 /* Phrase.json */; };
		BE40699A2AF0EB3E00FA3030 /* Phrase.json in Resources */ = {isa = PBXBuildFile; fileRef = BE4069962AF0E84300FA3030 /* Phrase.json */; };
		BE40699C2AF0EB7700FA3030 /* Phrase.swift in Sources */ = {isa = PBXBuildFile; fileRef = BE40699B2AF0EB7700FA3030 /* Phrase.swift */; };
		BE40699D2AF0EB7700FA3030 /* Phrase.swift in Sources */ = {isa = PBXBuildFile; fileRef = BE40699B2AF0EB7700FA3030 /* Phrase.swift */; };
		BE40699F2AF0F2F500FA3030 /* Bundle+extension.swift in Sources */ = {isa = PBXBuildFile; fileRef = BE40699E2AF0F2F500FA3030 /* Bundle+extension.swift */; };
		BE4069A02AF0F2F500FA3030 /* Bundle+extension.swift in Sources */ = {isa = PBXBuildFile; fileRef = BE40699E2AF0F2F500FA3030 /* Bundle+extension.swift */; };
		BE4069BE2AF1D22B00FA3030 /* NotoSans-Black.ttf in Resources */ = {isa = PBXBuildFile; fileRef = BE4069BD2AF1D22B00FA3030 /* NotoSans-Black.ttf */; };
		BE4069BF2AF1D22B00FA3030 /* NotoSans-Black.ttf in Resources */ = {isa = PBXBuildFile; fileRef = BE4069BD2AF1D22B00FA3030 /* NotoSans-Black.ttf */; };
		BE4069C72AF1F80D00FA3030 /* SF-Pro-Text-BlackItalic.otf in Resources */ = {isa = PBXBuildFile; fileRef = BE4069C12AF1F80C00FA3030 /* SF-Pro-Text-BlackItalic.otf */; };
		BE4069C82AF1F80D00FA3030 /* SF-Pro-Text-BlackItalic.otf in Resources */ = {isa = PBXBuildFile; fileRef = BE4069C12AF1F80C00FA3030 /* SF-Pro-Text-BlackItalic.otf */; };
		BE4069C92AF1F80D00FA3030 /* SF-Compact-Text-Regular.otf in Resources */ = {isa = PBXBuildFile; fileRef = BE4069C22AF1F80C00FA3030 /* SF-Compact-Text-Regular.otf */; };
		BE4069CA2AF1F80D00FA3030 /* SF-Compact-Text-Regular.otf in Resources */ = {isa = PBXBuildFile; fileRef = BE4069C22AF1F80C00FA3030 /* SF-Compact-Text-Regular.otf */; };
		BE4069CB2AF1F80D00FA3030 /* SF-Compact-Text-Medium.otf in Resources */ = {isa = PBXBuildFile; fileRef = BE4069C32AF1F80C00FA3030 /* SF-Compact-Text-Medium.otf */; };
		BE4069CC2AF1F80D00FA3030 /* SF-Compact-Text-Medium.otf in Resources */ = {isa = PBXBuildFile; fileRef = BE4069C32AF1F80C00FA3030 /* SF-Compact-Text-Medium.otf */; };
		BE4069CD2AF1F80D00FA3030 /* SF-Compact-Text-LightItalic.otf in Resources */ = {isa = PBXBuildFile; fileRef = BE4069C42AF1F80C00FA3030 /* SF-Compact-Text-LightItalic.otf */; };
		BE4069CE2AF1F80D00FA3030 /* SF-Compact-Text-LightItalic.otf in Resources */ = {isa = PBXBuildFile; fileRef = BE4069C42AF1F80C00FA3030 /* SF-Compact-Text-LightItalic.otf */; };
		BE4069CF2AF1F80D00FA3030 /* SF-Compact-Text-SemiboldItalic.otf in Resources */ = {isa = PBXBuildFile; fileRef = BE4069C52AF1F80D00FA3030 /* SF-Compact-Text-SemiboldItalic.otf */; };
		BE4069D02AF1F80D00FA3030 /* SF-Compact-Text-SemiboldItalic.otf in Resources */ = {isa = PBXBuildFile; fileRef = BE4069C52AF1F80D00FA3030 /* SF-Compact-Text-SemiboldItalic.otf */; };
		BE4069D12AF1F80D00FA3030 /* SF-Pro-Text-HeavyItalic.otf in Resources */ = {isa = PBXBuildFile; fileRef = BE4069C62AF1F80D00FA3030 /* SF-Pro-Text-HeavyItalic.otf */; };
		BE4069D22AF1F80D00FA3030 /* SF-Pro-Text-HeavyItalic.otf in Resources */ = {isa = PBXBuildFile; fileRef = BE4069C62AF1F80D00FA3030 /* SF-Pro-Text-HeavyItalic.otf */; };
		BE4069D72AF1F98B00FA3030 /* NotoSans-Regular.ttf in Resources */ = {isa = PBXBuildFile; fileRef = BE4069D62AF1F98B00FA3030 /* NotoSans-Regular.ttf */; };
		BE4069D82AF1F98B00FA3030 /* NotoSans-Regular.ttf in Resources */ = {isa = PBXBuildFile; fileRef = BE4069D62AF1F98B00FA3030 /* NotoSans-Regular.ttf */; };
		BE4069DA2AF1FE0500FA3030 /* NotoSans-BlackItalic.ttf in Resources */ = {isa = PBXBuildFile; fileRef = BE4069D92AF1FE0500FA3030 /* NotoSans-BlackItalic.ttf */; };
		BE4069DB2AF1FE0500FA3030 /* NotoSans-BlackItalic.ttf in Resources */ = {isa = PBXBuildFile; fileRef = BE4069D92AF1FE0500FA3030 /* NotoSans-BlackItalic.ttf */; };
		BE4069E22AF279F600FA3030 /* Font+extension.swift in Sources */ = {isa = PBXBuildFile; fileRef = BE4498262AEFF2AC00252561 /* Font+extension.swift */; };
		BE4069E42AF27ADF00FA3030 /* SF-Pro-Text-LightItalic.otf in Resources */ = {isa = PBXBuildFile; fileRef = BE4069E32AF27ADF00FA3030 /* SF-Pro-Text-LightItalic.otf */; };
		BE4069E52AF27ADF00FA3030 /* SF-Pro-Text-LightItalic.otf in Resources */ = {isa = PBXBuildFile; fileRef = BE4069E32AF27ADF00FA3030 /* SF-Pro-Text-LightItalic.otf */; };
		BE4498272AEFF2AC00252561 /* Font+extension.swift in Sources */ = {isa = PBXBuildFile; fileRef = BE4498262AEFF2AC00252561 /* Font+extension.swift */; };
		BE4A91542B01101E004AAFA3 /* DistanceChart.swift in Sources */ = {isa = PBXBuildFile; fileRef = BE4A91532B01101E004AAFA3 /* DistanceChart.swift */; };
		BE4A91562B011A46004AAFA3 /* BPMChart.swift in Sources */ = {isa = PBXBuildFile; fileRef = BE4A91552B011A46004AAFA3 /* BPMChart.swift */; };
		BE4A91582B011C8B004AAFA3 /* SprintChart.swift in Sources */ = {isa = PBXBuildFile; fileRef = BE4A91572B011C8B004AAFA3 /* SprintChart.swift */; };
		BE4B72742BAAA87300034C0F /* Dictionary+extension.swift in Sources */ = {isa = PBXBuildFile; fileRef = BE4B72732BAAA87300034C0F /* Dictionary+extension.swift */; };
		BE4B72752BAAA87300034C0F /* Dictionary+extension.swift in Sources */ = {isa = PBXBuildFile; fileRef = BE4B72732BAAA87300034C0F /* Dictionary+extension.swift */; };
		BE91CF402BBE43BC00F0EB6F /* RadarChartShape.swift in Sources */ = {isa = PBXBuildFile; fileRef = BE91CF3F2BBE43BC00F0EB6F /* RadarChartShape.swift */; };
		BE93F1912B00937000C33756 /* TextBorder+extension.swift in Sources */ = {isa = PBXBuildFile; fileRef = BE93F1902B00937000C33756 /* TextBorder+extension.swift */; };
		BE93F1922B00937000C33756 /* TextBorder+extension.swift in Sources */ = {isa = PBXBuildFile; fileRef = BE93F1902B00937000C33756 /* TextBorder+extension.swift */; };
		BE93F1952B009FA300C33756 /* ElapsedTimeFormatter.swift in Sources */ = {isa = PBXBuildFile; fileRef = BE93F1932B009FA300C33756 /* ElapsedTimeFormatter.swift */; };
		BEA63A612B0AF608000A309D /* HighlightModifier.swift in Sources */ = {isa = PBXBuildFile; fileRef = BEA63A602B0AF608000A309D /* HighlightModifier.swift */; };
		BEA63A622B0AFD29000A309D /* HighlightModifier.swift in Sources */ = {isa = PBXBuildFile; fileRef = BEA63A602B0AF608000A309D /* HighlightModifier.swift */; };
		BEA63A662B0AFDFF000A309D /* ActivityEnum.swift in Sources */ = {isa = PBXBuildFile; fileRef = BEA63A652B0AFDFF000A309D /* ActivityEnum.swift */; };
		BEA63A672B0AFDFF000A309D /* ActivityEnum.swift in Sources */ = {isa = PBXBuildFile; fileRef = BEA63A652B0AFDFF000A309D /* ActivityEnum.swift */; };
		BEA63A6A2B0B386C000A309D /* AnalyticsComponent.swift in Sources */ = {isa = PBXBuildFile; fileRef = BEA63A692B0B386C000A309D /* AnalyticsComponent.swift */; };
		BEB666C22AE4E16D0090195A /* StartView.swift in Sources */ = {isa = PBXBuildFile; fileRef = BEB666C12AE4E16D0090195A /* StartView.swift */; };
		BEC1E5CE2AE6A254008B285E /* ElapsedTimeView.swift in Sources */ = {isa = PBXBuildFile; fileRef = BEC1E5CD2AE6A254008B285E /* ElapsedTimeView.swift */; };
		BECCFAB22B0665D2009F4BE5 /* SpeedChartOverview.swift in Sources */ = {isa = PBXBuildFile; fileRef = BECCFAB12B0665D2009F4BE5 /* SpeedChartOverview.swift */; };
		BECCFAB42B06698F009F4BE5 /* DistanceChartOverview.swift in Sources */ = {isa = PBXBuildFile; fileRef = BECCFAB32B06698F009F4BE5 /* DistanceChartOverview.swift */; };
		BECCFAB62B066AC4009F4BE5 /* BPMChartOverview.swift in Sources */ = {isa = PBXBuildFile; fileRef = BECCFAB52B066AC4009F4BE5 /* BPMChartOverview.swift */; };
		BECCFAB82B066B38009F4BE5 /* SprintChartOverview.swift in Sources */ = {isa = PBXBuildFile; fileRef = BECCFAB72B066B38009F4BE5 /* SprintChartOverview.swift */; };
		BED269762AFC6FB200153DE8 /* SF-Pro-Text-RegularItalic.otf in Resources */ = {isa = PBXBuildFile; fileRef = BED269752AFC6FB200153DE8 /* SF-Pro-Text-RegularItalic.otf */; };
		BED269772AFC6FB200153DE8 /* SF-Pro-Text-RegularItalic.otf in Resources */ = {isa = PBXBuildFile; fileRef = BED269752AFC6FB200153DE8 /* SF-Pro-Text-RegularItalic.otf */; };
		BEDE523E2B03BFF800BBFD94 /* Analyzable.swift in Sources */ = {isa = PBXBuildFile; fileRef = BEDE523D2B03BFF800BBFD94 /* Analyzable.swift */; };
		BEDE52422B04D69400BBFD94 /* SF-Pro-Text-SemiboldItalic.otf in Resources */ = {isa = PBXBuildFile; fileRef = BEDE52412B04D69400BBFD94 /* SF-Pro-Text-SemiboldItalic.otf */; };
		BEDE52432B04D69400BBFD94 /* SF-Pro-Text-SemiboldItalic.otf in Resources */ = {isa = PBXBuildFile; fileRef = BEDE52412B04D69400BBFD94 /* SF-Pro-Text-SemiboldItalic.otf */; };
		D30F0B4C2AF0F19D002965D6 /* HeatmapView.swift in Sources */ = {isa = PBXBuildFile; fileRef = D30F0B4B2AF0F19D002965D6 /* HeatmapView.swift */; };
		D31B4ABE2B0AF35B00DD9100 /* EmptyDataView.swift in Sources */ = {isa = PBXBuildFile; fileRef = D31B4ABD2B0AF35B00DD9100 /* EmptyDataView.swift */; };
		D31B4AC02B0B819000DD9100 /* DataConverter.swift in Sources */ = {isa = PBXBuildFile; fileRef = D31B4ABF2B0B819000DD9100 /* DataConverter.swift */; };
		D37F6ABC2B0CDFAC00A37E4F /* HealthAlertView.swift in Sources */ = {isa = PBXBuildFile; fileRef = D37F6ABB2B0CDFAC00A37E4F /* HealthAlertView.swift */; };
		D3A1F10F2B067E8F00EB2049 /* MainView.swift in Sources */ = {isa = PBXBuildFile; fileRef = D3A1F10E2B067E8F00EB2049 /* MainView.swift */; };
		D3A1F1112B06847600EB2049 /* ProfileView.swift in Sources */ = {isa = PBXBuildFile; fileRef = D3A1F1102B06847600EB2049 /* ProfileView.swift */; };
		D3C500132AE36F3F00EFAEFF /* SoccerBeatApp.swift in Sources */ = {isa = PBXBuildFile; fileRef = D3C500122AE36F3F00EFAEFF /* SoccerBeatApp.swift */; };
		D3C500152AE36F3F00EFAEFF /* ContentView.swift in Sources */ = {isa = PBXBuildFile; fileRef = D3C500142AE36F3F00EFAEFF /* ContentView.swift */; };
		D3C500172AE36F3F00EFAEFF /* Assets.xcassets in Resources */ = {isa = PBXBuildFile; fileRef = D3C500162AE36F3F00EFAEFF /* Assets.xcassets */; };
		D3C5001A2AE36F3F00EFAEFF /* Preview Assets.xcassets in Resources */ = {isa = PBXBuildFile; fileRef = D3C500192AE36F3F00EFAEFF /* Preview Assets.xcassets */; };
		D3C500202AE36F3F00EFAEFF /* SoccerBeat Watch App.app in Embed Watch Content */ = {isa = PBXBuildFile; fileRef = D3C5001F2AE36F3F00EFAEFF /* SoccerBeat Watch App.app */; settings = {ATTRIBUTES = (RemoveHeadersOnCopy, ); }; };
		D3C500252AE36F3F00EFAEFF /* SoccerBeatApp.swift in Sources */ = {isa = PBXBuildFile; fileRef = D3C500242AE36F3F00EFAEFF /* SoccerBeatApp.swift */; };
		D3C500292AE36F4000EFAEFF /* Assets.xcassets in Resources */ = {isa = PBXBuildFile; fileRef = D3C500282AE36F4000EFAEFF /* Assets.xcassets */; };
		D3C5002C2AE36F4000EFAEFF /* Preview Assets.xcassets in Resources */ = {isa = PBXBuildFile; fileRef = D3C5002B2AE36F4000EFAEFF /* Preview Assets.xcassets */; };
		D3D1749E2B00F92C0022F631 /* TKRadarChart.swift in Sources */ = {isa = PBXBuildFile; fileRef = D3D1749D2B00F92C0022F631 /* TKRadarChart.swift */; };
		D3D174A02B00FE230022F631 /* RadarViewController.swift in Sources */ = {isa = PBXBuildFile; fileRef = D3D1749F2B00FE230022F631 /* RadarViewController.swift */; };
		D3D4F18B2AF256AF006C6B8A /* HealthInteractor.swift in Sources */ = {isa = PBXBuildFile; fileRef = D3D4F1892AF248CE006C6B8A /* HealthInteractor.swift */; };
		D3D4F18D2AF26662006C6B8A /* WorkoutData.swift in Sources */ = {isa = PBXBuildFile; fileRef = D3D4F18C2AF26662006C6B8A /* WorkoutData.swift */; };
		FB2EC9C02B0AF8BB0050B0E8 /* SF-Pro-Text-Regular.otf in Resources */ = {isa = PBXBuildFile; fileRef = FB2EC9BF2B0AF8BB0050B0E8 /* SF-Pro-Text-Regular.otf */; };
		FB2EC9C12B0AF8BB0050B0E8 /* SF-Pro-Text-Regular.otf in Resources */ = {isa = PBXBuildFile; fileRef = FB2EC9BF2B0AF8BB0050B0E8 /* SF-Pro-Text-Regular.otf */; };
		FB2EC9C32B0B50BB0050B0E8 /* BadgeImageDictionary.swift in Sources */ = {isa = PBXBuildFile; fileRef = FB2EC9C22B0B50BB0050B0E8 /* BadgeImageDictionary.swift */; };
		FB2EC9C62B0B527F0050B0E8 /* SF-Pro-Text-Bold.otf in Resources */ = {isa = PBXBuildFile; fileRef = FB2EC9C52B0B527F0050B0E8 /* SF-Pro-Text-Bold.otf */; };
		FB2EC9C72B0B527F0050B0E8 /* SF-Pro-Text-Bold.otf in Resources */ = {isa = PBXBuildFile; fileRef = FB2EC9C52B0B527F0050B0E8 /* SF-Pro-Text-Bold.otf */; };
		FB5859972B14F0A2002617E0 /* InformationButton.swift in Sources */ = {isa = PBXBuildFile; fileRef = FB5859962B14F0A2002617E0 /* InformationButton.swift */; };
		FB954AFF2BB2BAAF00A365FB /* HealthInteractor.swift in Sources */ = {isa = PBXBuildFile; fileRef = D3D4F1892AF248CE006C6B8A /* HealthInteractor.swift */; };
		FBA3DA622B00E6EF0025AD7B /* ShareView.swift in Sources */ = {isa = PBXBuildFile; fileRef = FBA3DA612B00E6EF0025AD7B /* ShareView.swift */; };
		FBA3DA812B03B5770025AD7B /* SF-Pro-Display-HeavyItalic.otf in Resources */ = {isa = PBXBuildFile; fileRef = FBA3DA802B03B5770025AD7B /* SF-Pro-Display-HeavyItalic.otf */; };
		FBA3DA822B03B5770025AD7B /* SF-Pro-Display-HeavyItalic.otf in Resources */ = {isa = PBXBuildFile; fileRef = FBA3DA802B03B5770025AD7B /* SF-Pro-Display-HeavyItalic.otf */; };
		FBA3DA872B03B9F20025AD7B /* SF-Pro-Display-RegularItalic.otf in Resources */ = {isa = PBXBuildFile; fileRef = FBA3DA862B03B9F20025AD7B /* SF-Pro-Display-RegularItalic.otf */; };
		FBA3DA882B03B9F20025AD7B /* SF-Pro-Display-RegularItalic.otf in Resources */ = {isa = PBXBuildFile; fileRef = FBA3DA862B03B9F20025AD7B /* SF-Pro-Display-RegularItalic.otf */; };
		FBCED9202AE3D38900C57BF9 /* MyCardView.swift in Sources */ = {isa = PBXBuildFile; fileRef = FBCED91F2AE3D38900C57BF9 /* MyCardView.swift */; };
		FBCED9322AE4218E00C57BF9 /* MatchRecapView.swift in Sources */ = {isa = PBXBuildFile; fileRef = FBCED9312AE4218E00C57BF9 /* MatchRecapView.swift */; };
		FBCED9352AE4A83900C57BF9 /* MatchDetailView.swift in Sources */ = {isa = PBXBuildFile; fileRef = FBCED9342AE4A83900C57BF9 /* MatchDetailView.swift */; };
		FBE203942AF1ED7B000E47FE /* NotoSansDisplay-BlackItalic.ttf in Resources */ = {isa = PBXBuildFile; fileRef = FBE203932AF1ED7B000E47FE /* NotoSansDisplay-BlackItalic.ttf */; };
/* End PBXBuildFile section */

/* Begin PBXContainerItemProxy section */
		D3C500212AE36F3F00EFAEFF /* PBXContainerItemProxy */ = {
			isa = PBXContainerItemProxy;
			containerPortal = D3C500072AE36F3E00EFAEFF /* Project object */;
			proxyType = 1;
			remoteGlobalIDString = D3C5001E2AE36F3F00EFAEFF;
			remoteInfo = "SoccerBeat Watch App";
		};
/* End PBXContainerItemProxy section */

/* Begin PBXCopyFilesBuildPhase section */
		D3C500322AE36F4000EFAEFF /* Embed Watch Content */ = {
			isa = PBXCopyFilesBuildPhase;
			buildActionMask = 2147483647;
			dstPath = "$(CONTENTS_FOLDER_PATH)/Watch";
			dstSubfolderSpec = 16;
			files = (
				D3C500202AE36F3F00EFAEFF /* SoccerBeat Watch App.app in Embed Watch Content */,
			);
			name = "Embed Watch Content";
			runOnlyForDeploymentPostprocessing = 0;
		};
/* End PBXCopyFilesBuildPhase section */

/* Begin PBXFileReference section */
		681297382AE64432000CC957 /* PhraseView.swift */ = {isa = PBXFileReference; lastKnownFileType = sourcecode.swift; path = PhraseView.swift; sourceTree = "<group>"; };
		6812973A2AE648E0000CC957 /* SummaryComponent.swift */ = {isa = PBXFileReference; lastKnownFileType = sourcecode.swift; path = SummaryComponent.swift; sourceTree = "<group>"; };
		6820884B2AF11EB200F51A3E /* PrecountView.swift */ = {isa = PBXFileReference; lastKnownFileType = sourcecode.swift; path = PrecountView.swift; sourceTree = "<group>"; };
		682D64822AFD1B6B00D7F07B /* ProfileModel.swift */ = {isa = PBXFileReference; lastKnownFileType = sourcecode.swift; path = ProfileModel.swift; sourceTree = "<group>"; };
		682D64842AFD1BA000D7F07B /* ProfileImage.swift */ = {isa = PBXFileReference; lastKnownFileType = sourcecode.swift; path = ProfileImage.swift; sourceTree = "<group>"; };
		682D64862AFD1D8500D7F07B /* Profile.swift */ = {isa = PBXFileReference; lastKnownFileType = sourcecode.swift; path = Profile.swift; sourceTree = "<group>"; };
		682D64882AFDBF8C00D7F07B /* PhotoSelectButtonView.swift */ = {isa = PBXFileReference; lastKnownFileType = sourcecode.swift; path = PhotoSelectButtonView.swift; sourceTree = "<group>"; };
		682D64A72AFE77D500D7F07B /* SoundManager.swift */ = {isa = PBXFileReference; lastKnownFileType = sourcecode.swift; path = SoundManager.swift; sourceTree = "<group>"; };
		682D64B02AFE90A000D7F07B /* CardFlipEffect.mp3 */ = {isa = PBXFileReference; lastKnownFileType = audio.mp3; path = CardFlipEffect.mp3; sourceTree = "<group>"; };
		682D64B22AFEA6F000D7F07B /* PhotoSelectEffect.mp3 */ = {isa = PBXFileReference; lastKnownFileType = audio.mp3; path = PhotoSelectEffect.mp3; sourceTree = "<group>"; };
		683825042B06249F00FE9CDF /* SprintSheetView.swift */ = {isa = PBXFileReference; lastKnownFileType = sourcecode.swift; path = SprintSheetView.swift; sourceTree = "<group>"; };
		6851E6E22B0C8E7F007D1DD8 /* Text+extension.swift */ = {isa = PBXFileReference; lastKnownFileType = sourcecode.swift; path = "Text+extension.swift"; sourceTree = "<group>"; };
		685D7B582AE38D1A00783433 /* .swiftlint.yml */ = {isa = PBXFileReference; lastKnownFileType = text.yaml; path = .swiftlint.yml; sourceTree = "<group>"; };
		685D7B5E2AE3F3D000783433 /* WatchWorkoutManager.swift */ = {isa = PBXFileReference; lastKnownFileType = sourcecode.swift; path = WatchWorkoutManager.swift; sourceTree = "<group>"; };
		685D7B602AE3F3E700783433 /* SoccerBeat Watch App.entitlements */ = {isa = PBXFileReference; lastKnownFileType = text.plist.entitlements; path = "SoccerBeat Watch App.entitlements"; sourceTree = "<group>"; };
		685D7B642AE529E800783433 /* AnalyticsView.swift */ = {isa = PBXFileReference; lastKnownFileType = sourcecode.swift; path = AnalyticsView.swift; sourceTree = "<group>"; };
		685D7B6D2AE5396200783433 /* LightRectangleView.swift */ = {isa = PBXFileReference; lastKnownFileType = sourcecode.swift; path = LightRectangleView.swift; sourceTree = "<group>"; };
		685D7B742AE53DC400783433 /* SpeedChart.swift */ = {isa = PBXFileReference; lastKnownFileType = sourcecode.swift; path = SpeedChart.swift; sourceTree = "<group>"; };
		6876C0BE2B0B7F73005C6872 /* FifaBackground.mp3 */ = {isa = PBXFileReference; lastKnownFileType = audio.mp3; path = FifaBackground.mp3; sourceTree = "<group>"; };
		6898F2842AEFD7FC0075A573 /* SprintView.swift */ = {isa = PBXFileReference; lastKnownFileType = sourcecode.swift; path = SprintView.swift; sourceTree = "<group>"; };
		68B0732C2AF11847004C723F /* AlertView.swift */ = {isa = PBXFileReference; lastKnownFileType = sourcecode.swift; path = AlertView.swift; sourceTree = "<group>"; };
		68D5A5FF2BAD503100C80831 /* GuideAuthorizationView.swift */ = {isa = PBXFileReference; lastKnownFileType = sourcecode.swift; path = GuideAuthorizationView.swift; sourceTree = "<group>"; };
		68FDD5DC2AE61D6B00B8ACB9 /* SummaryView.swift */ = {isa = PBXFileReference; lastKnownFileType = sourcecode.swift; path = SummaryView.swift; sourceTree = "<group>"; };
		BE010D382B0511CC0093A5FE /* FloatingCapsuleModifier.swift */ = {isa = PBXFileReference; lastKnownFileType = sourcecode.swift; path = FloatingCapsuleModifier.swift; sourceTree = "<group>"; };
		BE010D3B2B0512680093A5FE /* Double+extension.swift */ = {isa = PBXFileReference; lastKnownFileType = sourcecode.swift; path = "Double+extension.swift"; sourceTree = "<group>"; };
		BE0639D72AE61BC2008D1D4E /* SplitControlsView.swift */ = {isa = PBXFileReference; lastKnownFileType = sourcecode.swift; path = SplitControlsView.swift; sourceTree = "<group>"; };
		BE0639D92AE66D93008D1D4E /* SessionPagingView.swift */ = {isa = PBXFileReference; lastKnownFileType = sourcecode.swift; path = SessionPagingView.swift; sourceTree = "<group>"; };
		BE16B7C22B0B7D0300192C3B /* TrophyCollectionView.swift */ = {isa = PBXFileReference; lastKnownFileType = sourcecode.swift; path = TrophyCollectionView.swift; sourceTree = "<group>"; };
		BE22D6302AE586AA009035C9 /* GameProgressView.swift */ = {isa = PBXFileReference; fileEncoding = 4; lastKnownFileType = sourcecode.swift; path = GameProgressView.swift; sourceTree = "<group>"; };
		BE22D6322AE586AA009035C9 /* SprintStatusView.swift */ = {isa = PBXFileReference; fileEncoding = 4; lastKnownFileType = sourcecode.swift; path = SprintStatusView.swift; sourceTree = "<group>"; };
		BE22D6342AE586AA009035C9 /* Color+extension.swift */ = {isa = PBXFileReference; fileEncoding = 4; lastKnownFileType = sourcecode.swift; path = "Color+extension.swift"; sourceTree = "<group>"; };
		BE323D3D2B0B7EE200F289D4 /* TrophyView.swift */ = {isa = PBXFileReference; lastKnownFileType = sourcecode.swift; path = TrophyView.swift; sourceTree = "<group>"; };
		BE323D3F2B0C80C200F289D4 /* TooltipView.swift */ = {isa = PBXFileReference; lastKnownFileType = sourcecode.swift; path = TooltipView.swift; sourceTree = "<group>"; };
		BE323D412B0CC49500F289D4 /* SF-Pro-Text-Medium.otf */ = {isa = PBXFileReference; lastKnownFileType = file; path = "SF-Pro-Text-Medium.otf"; sourceTree = "<group>"; };
		BE323D442B0CC4A700F289D4 /* SF-Pro-Text-Light.otf */ = {isa = PBXFileReference; lastKnownFileType = file; path = "SF-Pro-Text-Light.otf"; sourceTree = "<group>"; };
		BE323D472B0CC5DE00F289D4 /* SF-Pro-Text-MediumItalic.otf */ = {isa = PBXFileReference; lastKnownFileType = file; path = "SF-Pro-Text-MediumItalic.otf"; sourceTree = "<group>"; };
		BE360EFF2B9FF4A100071C30 /* MatricsIndicator.swift */ = {isa = PBXFileReference; lastKnownFileType = sourcecode.swift; path = MatricsIndicator.swift; sourceTree = "<group>"; };
		BE360F012BA016EA00071C30 /* WorkoutManager+extensions.swift */ = {isa = PBXFileReference; lastKnownFileType = sourcecode.swift; path = "WorkoutManager+extensions.swift"; sourceTree = "<group>"; };
		BE4069972AF0E84800FA3030 /* Base */ = {isa = PBXFileReference; lastKnownFileType = text.json; name = Base; path = Base.lproj/Phrase.json; sourceTree = "<group>"; };
		BE4069982AF0E8AC00FA3030 /* en */ = {isa = PBXFileReference; lastKnownFileType = text.json; name = en; path = en.lproj/Phrase.json; sourceTree = "<group>"; };
		BE40699B2AF0EB7700FA3030 /* Phrase.swift */ = {isa = PBXFileReference; lastKnownFileType = sourcecode.swift; path = Phrase.swift; sourceTree = "<group>"; };
		BE40699E2AF0F2F500FA3030 /* Bundle+extension.swift */ = {isa = PBXFileReference; lastKnownFileType = sourcecode.swift; path = "Bundle+extension.swift"; sourceTree = "<group>"; };
		BE4069BD2AF1D22B00FA3030 /* NotoSans-Black.ttf */ = {isa = PBXFileReference; lastKnownFileType = file; path = "NotoSans-Black.ttf"; sourceTree = "<group>"; };
		BE4069C12AF1F80C00FA3030 /* SF-Pro-Text-BlackItalic.otf */ = {isa = PBXFileReference; lastKnownFileType = file; path = "SF-Pro-Text-BlackItalic.otf"; sourceTree = "<group>"; };
		BE4069C22AF1F80C00FA3030 /* SF-Compact-Text-Regular.otf */ = {isa = PBXFileReference; lastKnownFileType = file; path = "SF-Compact-Text-Regular.otf"; sourceTree = "<group>"; };
		BE4069C32AF1F80C00FA3030 /* SF-Compact-Text-Medium.otf */ = {isa = PBXFileReference; lastKnownFileType = file; path = "SF-Compact-Text-Medium.otf"; sourceTree = "<group>"; };
		BE4069C42AF1F80C00FA3030 /* SF-Compact-Text-LightItalic.otf */ = {isa = PBXFileReference; lastKnownFileType = file; path = "SF-Compact-Text-LightItalic.otf"; sourceTree = "<group>"; };
		BE4069C52AF1F80D00FA3030 /* SF-Compact-Text-SemiboldItalic.otf */ = {isa = PBXFileReference; lastKnownFileType = file; path = "SF-Compact-Text-SemiboldItalic.otf"; sourceTree = "<group>"; };
		BE4069C62AF1F80D00FA3030 /* SF-Pro-Text-HeavyItalic.otf */ = {isa = PBXFileReference; lastKnownFileType = file; path = "SF-Pro-Text-HeavyItalic.otf"; sourceTree = "<group>"; };
		BE4069D62AF1F98B00FA3030 /* NotoSans-Regular.ttf */ = {isa = PBXFileReference; lastKnownFileType = file; path = "NotoSans-Regular.ttf"; sourceTree = "<group>"; };
		BE4069D92AF1FE0500FA3030 /* NotoSans-BlackItalic.ttf */ = {isa = PBXFileReference; lastKnownFileType = file; path = "NotoSans-BlackItalic.ttf"; sourceTree = "<group>"; };
		BE4069E32AF27ADF00FA3030 /* SF-Pro-Text-LightItalic.otf */ = {isa = PBXFileReference; lastKnownFileType = file; path = "SF-Pro-Text-LightItalic.otf"; sourceTree = "<group>"; };
		BE4498262AEFF2AC00252561 /* Font+extension.swift */ = {isa = PBXFileReference; lastKnownFileType = sourcecode.swift; path = "Font+extension.swift"; sourceTree = "<group>"; };
		BE4A91532B01101E004AAFA3 /* DistanceChart.swift */ = {isa = PBXFileReference; lastKnownFileType = sourcecode.swift; path = DistanceChart.swift; sourceTree = "<group>"; };
		BE4A91552B011A46004AAFA3 /* BPMChart.swift */ = {isa = PBXFileReference; lastKnownFileType = sourcecode.swift; path = BPMChart.swift; sourceTree = "<group>"; };
		BE4A91572B011C8B004AAFA3 /* SprintChart.swift */ = {isa = PBXFileReference; lastKnownFileType = sourcecode.swift; path = SprintChart.swift; sourceTree = "<group>"; };
		BE4B72732BAAA87300034C0F /* Dictionary+extension.swift */ = {isa = PBXFileReference; lastKnownFileType = sourcecode.swift; path = "Dictionary+extension.swift"; sourceTree = "<group>"; };
		BE91CF3F2BBE43BC00F0EB6F /* RadarChartShape.swift */ = {isa = PBXFileReference; lastKnownFileType = sourcecode.swift; path = RadarChartShape.swift; sourceTree = "<group>"; };
		BE93F1902B00937000C33756 /* TextBorder+extension.swift */ = {isa = PBXFileReference; lastKnownFileType = sourcecode.swift; path = "TextBorder+extension.swift"; sourceTree = "<group>"; };
		BE93F1932B009FA300C33756 /* ElapsedTimeFormatter.swift */ = {isa = PBXFileReference; lastKnownFileType = sourcecode.swift; path = ElapsedTimeFormatter.swift; sourceTree = "<group>"; };
		BEA63A602B0AF608000A309D /* HighlightModifier.swift */ = {isa = PBXFileReference; lastKnownFileType = sourcecode.swift; path = HighlightModifier.swift; sourceTree = "<group>"; };
		BEA63A652B0AFDFF000A309D /* ActivityEnum.swift */ = {isa = PBXFileReference; lastKnownFileType = sourcecode.swift; path = ActivityEnum.swift; sourceTree = "<group>"; };
		BEA63A692B0B386C000A309D /* AnalyticsComponent.swift */ = {isa = PBXFileReference; lastKnownFileType = sourcecode.swift; path = AnalyticsComponent.swift; sourceTree = "<group>"; };
		BEB666C12AE4E16D0090195A /* StartView.swift */ = {isa = PBXFileReference; lastKnownFileType = sourcecode.swift; path = StartView.swift; sourceTree = "<group>"; };
		BEC1E5CD2AE6A254008B285E /* ElapsedTimeView.swift */ = {isa = PBXFileReference; lastKnownFileType = sourcecode.swift; path = ElapsedTimeView.swift; sourceTree = "<group>"; };
		BEC1E5CF2AE6B4AF008B285E /* SoccerBeat-Watch-App-Info.plist */ = {isa = PBXFileReference; lastKnownFileType = text.plist; path = "SoccerBeat-Watch-App-Info.plist"; sourceTree = SOURCE_ROOT; };
		BECCFAB12B0665D2009F4BE5 /* SpeedChartOverview.swift */ = {isa = PBXFileReference; lastKnownFileType = sourcecode.swift; path = SpeedChartOverview.swift; sourceTree = "<group>"; };
		BECCFAB32B06698F009F4BE5 /* DistanceChartOverview.swift */ = {isa = PBXFileReference; lastKnownFileType = sourcecode.swift; path = DistanceChartOverview.swift; sourceTree = "<group>"; };
		BECCFAB52B066AC4009F4BE5 /* BPMChartOverview.swift */ = {isa = PBXFileReference; lastKnownFileType = sourcecode.swift; path = BPMChartOverview.swift; sourceTree = "<group>"; };
		BECCFAB72B066B38009F4BE5 /* SprintChartOverview.swift */ = {isa = PBXFileReference; lastKnownFileType = sourcecode.swift; path = SprintChartOverview.swift; sourceTree = "<group>"; };
		BED269752AFC6FB200153DE8 /* SF-Pro-Text-RegularItalic.otf */ = {isa = PBXFileReference; lastKnownFileType = file; path = "SF-Pro-Text-RegularItalic.otf"; sourceTree = "<group>"; };
		BEDE523D2B03BFF800BBFD94 /* Analyzable.swift */ = {isa = PBXFileReference; lastKnownFileType = sourcecode.swift; path = Analyzable.swift; sourceTree = "<group>"; };
		BEDE52412B04D69400BBFD94 /* SF-Pro-Text-SemiboldItalic.otf */ = {isa = PBXFileReference; lastKnownFileType = file; path = "SF-Pro-Text-SemiboldItalic.otf"; sourceTree = "<group>"; };
		D30F0B4B2AF0F19D002965D6 /* HeatmapView.swift */ = {isa = PBXFileReference; lastKnownFileType = sourcecode.swift; path = HeatmapView.swift; sourceTree = "<group>"; };
		D31B4ABD2B0AF35B00DD9100 /* EmptyDataView.swift */ = {isa = PBXFileReference; lastKnownFileType = sourcecode.swift; path = EmptyDataView.swift; sourceTree = "<group>"; };
		D31B4ABF2B0B819000DD9100 /* DataConverter.swift */ = {isa = PBXFileReference; lastKnownFileType = sourcecode.swift; path = DataConverter.swift; sourceTree = "<group>"; };
		D37F6ABB2B0CDFAC00A37E4F /* HealthAlertView.swift */ = {isa = PBXFileReference; lastKnownFileType = sourcecode.swift; path = HealthAlertView.swift; sourceTree = "<group>"; };
		D3A1F10E2B067E8F00EB2049 /* MainView.swift */ = {isa = PBXFileReference; lastKnownFileType = sourcecode.swift; path = MainView.swift; sourceTree = "<group>"; };
		D3A1F1102B06847600EB2049 /* ProfileView.swift */ = {isa = PBXFileReference; lastKnownFileType = sourcecode.swift; path = ProfileView.swift; sourceTree = "<group>"; };
		D3C5000F2AE36F3F00EFAEFF /* SoccerBeat.app */ = {isa = PBXFileReference; explicitFileType = wrapper.application; includeInIndex = 0; path = SoccerBeat.app; sourceTree = BUILT_PRODUCTS_DIR; };
		D3C500122AE36F3F00EFAEFF /* SoccerBeatApp.swift */ = {isa = PBXFileReference; lastKnownFileType = sourcecode.swift; path = SoccerBeatApp.swift; sourceTree = "<group>"; };
		D3C500142AE36F3F00EFAEFF /* ContentView.swift */ = {isa = PBXFileReference; lastKnownFileType = sourcecode.swift; path = ContentView.swift; sourceTree = "<group>"; };
		D3C500162AE36F3F00EFAEFF /* Assets.xcassets */ = {isa = PBXFileReference; lastKnownFileType = folder.assetcatalog; path = Assets.xcassets; sourceTree = "<group>"; };
		D3C500192AE36F3F00EFAEFF /* Preview Assets.xcassets */ = {isa = PBXFileReference; lastKnownFileType = folder.assetcatalog; path = "Preview Assets.xcassets"; sourceTree = "<group>"; };
		D3C5001F2AE36F3F00EFAEFF /* SoccerBeat Watch App.app */ = {isa = PBXFileReference; explicitFileType = wrapper.application; includeInIndex = 0; path = "SoccerBeat Watch App.app"; sourceTree = BUILT_PRODUCTS_DIR; };
		D3C500242AE36F3F00EFAEFF /* SoccerBeatApp.swift */ = {isa = PBXFileReference; lastKnownFileType = sourcecode.swift; path = SoccerBeatApp.swift; sourceTree = "<group>"; };
		D3C500282AE36F4000EFAEFF /* Assets.xcassets */ = {isa = PBXFileReference; lastKnownFileType = folder.assetcatalog; path = Assets.xcassets; sourceTree = "<group>"; };
		D3C5002B2AE36F4000EFAEFF /* Preview Assets.xcassets */ = {isa = PBXFileReference; lastKnownFileType = folder.assetcatalog; path = "Preview Assets.xcassets"; sourceTree = "<group>"; };
		D3D1749D2B00F92C0022F631 /* TKRadarChart.swift */ = {isa = PBXFileReference; lastKnownFileType = sourcecode.swift; path = TKRadarChart.swift; sourceTree = "<group>"; };
		D3D1749F2B00FE230022F631 /* RadarViewController.swift */ = {isa = PBXFileReference; lastKnownFileType = sourcecode.swift; path = RadarViewController.swift; sourceTree = "<group>"; };
		D3D4F1892AF248CE006C6B8A /* HealthInteractor.swift */ = {isa = PBXFileReference; lastKnownFileType = sourcecode.swift; path = HealthInteractor.swift; sourceTree = "<group>"; };
		D3D4F18C2AF26662006C6B8A /* WorkoutData.swift */ = {isa = PBXFileReference; lastKnownFileType = sourcecode.swift; path = WorkoutData.swift; sourceTree = "<group>"; };
		D3D7D1262AF23CA000B89196 /* SoccerBeat.entitlements */ = {isa = PBXFileReference; lastKnownFileType = text.plist.entitlements; path = SoccerBeat.entitlements; sourceTree = "<group>"; };
		FB2EC9BF2B0AF8BB0050B0E8 /* SF-Pro-Text-Regular.otf */ = {isa = PBXFileReference; lastKnownFileType = file; path = "SF-Pro-Text-Regular.otf"; sourceTree = "<group>"; };
		FB2EC9C22B0B50BB0050B0E8 /* BadgeImageDictionary.swift */ = {isa = PBXFileReference; lastKnownFileType = sourcecode.swift; path = BadgeImageDictionary.swift; sourceTree = "<group>"; };
		FB2EC9C52B0B527F0050B0E8 /* SF-Pro-Text-Bold.otf */ = {isa = PBXFileReference; lastKnownFileType = file; path = "SF-Pro-Text-Bold.otf"; sourceTree = "<group>"; };
		FB5859962B14F0A2002617E0 /* InformationButton.swift */ = {isa = PBXFileReference; lastKnownFileType = sourcecode.swift; path = InformationButton.swift; sourceTree = "<group>"; };
		FBA3DA612B00E6EF0025AD7B /* ShareView.swift */ = {isa = PBXFileReference; lastKnownFileType = sourcecode.swift; path = ShareView.swift; sourceTree = "<group>"; };
		FBA3DA802B03B5770025AD7B /* SF-Pro-Display-HeavyItalic.otf */ = {isa = PBXFileReference; lastKnownFileType = file; path = "SF-Pro-Display-HeavyItalic.otf"; sourceTree = "<group>"; };
		FBA3DA862B03B9F20025AD7B /* SF-Pro-Display-RegularItalic.otf */ = {isa = PBXFileReference; lastKnownFileType = file; path = "SF-Pro-Display-RegularItalic.otf"; sourceTree = "<group>"; };
		FBCED91F2AE3D38900C57BF9 /* MyCardView.swift */ = {isa = PBXFileReference; lastKnownFileType = sourcecode.swift; path = MyCardView.swift; sourceTree = "<group>"; };
		FBCED9252AE3DF5900C57BF9 /* Info.plist */ = {isa = PBXFileReference; lastKnownFileType = text.plist.xml; path = Info.plist; sourceTree = "<group>"; };
		FBCED9312AE4218E00C57BF9 /* MatchRecapView.swift */ = {isa = PBXFileReference; lastKnownFileType = sourcecode.swift; path = MatchRecapView.swift; sourceTree = "<group>"; };
		FBCED9342AE4A83900C57BF9 /* MatchDetailView.swift */ = {isa = PBXFileReference; lastKnownFileType = sourcecode.swift; path = MatchDetailView.swift; sourceTree = "<group>"; };
		FBE203932AF1ED7B000E47FE /* NotoSansDisplay-BlackItalic.ttf */ = {isa = PBXFileReference; lastKnownFileType = file; path = "NotoSansDisplay-BlackItalic.ttf"; sourceTree = "<group>"; };
/* End PBXFileReference section */

/* Begin PBXFrameworksBuildPhase section */
		D3C5000C2AE36F3F00EFAEFF /* Frameworks */ = {
			isa = PBXFrameworksBuildPhase;
			buildActionMask = 2147483647;
			files = (
			);
			runOnlyForDeploymentPostprocessing = 0;
		};
		D3C5001C2AE36F3F00EFAEFF /* Frameworks */ = {
			isa = PBXFrameworksBuildPhase;
			buildActionMask = 2147483647;
			files = (
			);
			runOnlyForDeploymentPostprocessing = 0;
		};
/* End PBXFrameworksBuildPhase section */

/* Begin PBXGroup section */
		681887F02B0374D400580DB9 /* EndRecording */ = {
			isa = PBXGroup;
			children = (
				FB954B0C2BB3B84700A365FB /* Models */,
				FB954B0B2BB3B74C00A365FB /* Subviews */,
				68FDD5DC2AE61D6B00B8ACB9 /* SummaryView.swift */,
				681297382AE64432000CC957 /* PhraseView.swift */,
			);
			path = EndRecording;
			sourceTree = "<group>";
		};
		682D64A62AFE768600D7F07B /* SoundEffect */ = {
			isa = PBXGroup;
			children = (
				682D64A92AFE80E100D7F07B /* MusicGroup */,
				682D64A72AFE77D500D7F07B /* SoundManager.swift */,
			);
			path = SoundEffect;
			sourceTree = "<group>";
		};
		682D64A92AFE80E100D7F07B /* MusicGroup */ = {
			isa = PBXGroup;
			children = (
				6876C0BE2B0B7F73005C6872 /* FifaBackground.mp3 */,
				682D64B02AFE90A000D7F07B /* CardFlipEffect.mp3 */,
				682D64B22AFEA6F000D7F07B /* PhotoSelectEffect.mp3 */,
			);
			path = MusicGroup;
			sourceTree = "<group>";
		};
		685D7B5D2AE3F3BD00783433 /* WorkoutManager */ = {
			isa = PBXGroup;
			children = (
				685D7B5E2AE3F3D000783433 /* WatchWorkoutManager.swift */,
				BE360F012BA016EA00071C30 /* WorkoutManager+extensions.swift */,
				BE360EFF2B9FF4A100071C30 /* MatricsIndicator.swift */,
			);
			path = WorkoutManager;
			sourceTree = "<group>";
		};
		685D7B662AE52A2100783433 /* Resources */ = {
			isa = PBXGroup;
			children = (
				D3C500162AE36F3F00EFAEFF /* Assets.xcassets */,
			);
			path = Resources;
			sourceTree = "<group>";
		};
		BE22D62F2AE586AA009035C9 /* Progress */ = {
			isa = PBXGroup;
			children = (
				FB954B0E2BB3BB9400A365FB /* Models */,
				FB954B0D2BB3BAEE00A365FB /* Subviews */,
				BE22D6302AE586AA009035C9 /* GameProgressView.swift */,
				683825042B06249F00FE9CDF /* SprintSheetView.swift */,
			);
			path = Progress;
			sourceTree = "<group>";
		};
		BE4069DC2AF212B500FA3030 /* Common */ = {
			isa = PBXGroup;
			children = (
				FB954B002BB2BB0700A365FB /* Data */,
				BE4069DF2AF2139B00FA3030 /* Extensions */,
				FBCED9212AE3DAC700C57BF9 /* Fonts */,
			);
			path = Common;
			sourceTree = "<group>";
		};
		BE4069DF2AF2139B00FA3030 /* Extensions */ = {
			isa = PBXGroup;
			children = (
				BE22D6342AE586AA009035C9 /* Color+extension.swift */,
				BE4498262AEFF2AC00252561 /* Font+extension.swift */,
				BE4B72732BAAA87300034C0F /* Dictionary+extension.swift */,
				BE93F1902B00937000C33756 /* TextBorder+extension.swift */,
				BE40699E2AF0F2F500FA3030 /* Bundle+extension.swift */,
				BE010D3B2B0512680093A5FE /* Double+extension.swift */,
				6851E6E22B0C8E7F007D1DD8 /* Text+extension.swift */,
			);
			name = Extensions;
			path = Utiles;
			sourceTree = "<group>";
		};
		BEB666BE2AE4E13E0090195A /* Features */ = {
			isa = PBXGroup;
			children = (
				BEB666BF2AE4E14B0090195A /* StartPauseControl */,
				BE22D62F2AE586AA009035C9 /* Progress */,
				681887F02B0374D400580DB9 /* EndRecording */,
			);
			path = Features;
			sourceTree = "<group>";
		};
		BEB666BF2AE4E14B0090195A /* StartPauseControl */ = {
			isa = PBXGroup;
			children = (
				6820884B2AF11EB200F51A3E /* PrecountView.swift */,
				BEB666C12AE4E16D0090195A /* StartView.swift */,
				BE0639D72AE61BC2008D1D4E /* SplitControlsView.swift */,
				BE0639D92AE66D93008D1D4E /* SessionPagingView.swift */,
			);
			path = StartPauseControl;
			sourceTree = "<group>";
		};
		D3C500062AE36F3E00EFAEFF = {
			isa = PBXGroup;
			children = (
				BE4069DC2AF212B500FA3030 /* Common */,
				D3C500112AE36F3F00EFAEFF /* SoccerBeat */,
				D3C500232AE36F3F00EFAEFF /* SoccerBeat Watch App */,
				685D7B582AE38D1A00783433 /* .swiftlint.yml */,
				D3C500102AE36F3F00EFAEFF /* Products */,
			);
			sourceTree = "<group>";
		};
		D3C500102AE36F3F00EFAEFF /* Products */ = {
			isa = PBXGroup;
			children = (
				D3C5000F2AE36F3F00EFAEFF /* SoccerBeat.app */,
				D3C5001F2AE36F3F00EFAEFF /* SoccerBeat Watch App.app */,
			);
			name = Products;
			sourceTree = "<group>";
		};
		D3C500112AE36F3F00EFAEFF /* SoccerBeat */ = {
			isa = PBXGroup;
			children = (
				FB954AF52BB2ADFA00A365FB /* Sources */,
				685D7B662AE52A2100783433 /* Resources */,
				D3C500182AE36F3F00EFAEFF /* Preview Content */,
				D3C500122AE36F3F00EFAEFF /* SoccerBeatApp.swift */,
				D3D7D1262AF23CA000B89196 /* SoccerBeat.entitlements */,
				FBCED9252AE3DF5900C57BF9 /* Info.plist */,
			);
			path = SoccerBeat;
			sourceTree = "<group>";
		};
		D3C500182AE36F3F00EFAEFF /* Preview Content */ = {
			isa = PBXGroup;
			children = (
				D3C500192AE36F3F00EFAEFF /* Preview Assets.xcassets */,
			);
			path = "Preview Content";
			sourceTree = "<group>";
		};
		D3C500232AE36F3F00EFAEFF /* SoccerBeat Watch App */ = {
			isa = PBXGroup;
			children = (
				FB954B0F2BB3BC0000A365FB /* Sources */,
				FB954B102BB3BC1600A365FB /* Resources */,
				D3C5002A2AE36F4000EFAEFF /* Preview Content */,
				D3C500242AE36F3F00EFAEFF /* SoccerBeatApp.swift */,
				685D7B602AE3F3E700783433 /* SoccerBeat Watch App.entitlements */,
				BEC1E5CF2AE6B4AF008B285E /* SoccerBeat-Watch-App-Info.plist */,
				FB954B112BB3C0BD00A365FB /* BeforeRemoved */,
			);
			path = "SoccerBeat Watch App";
			sourceTree = "<group>";
		};
		D3C5002A2AE36F4000EFAEFF /* Preview Content */ = {
			isa = PBXGroup;
			children = (
				D3C5002B2AE36F4000EFAEFF /* Preview Assets.xcassets */,
			);
			path = "Preview Content";
			sourceTree = "<group>";
		};
		FB954AF52BB2ADFA00A365FB /* Sources */ = {
			isa = PBXGroup;
			children = (
				FB954AF62BB2AE0300A365FB /* Features */,
				FB954AF72BB2AE0800A365FB /* Components */,
			);
			path = Sources;
			sourceTree = "<group>";
		};
		FB954AF62BB2AE0300A365FB /* Features */ = {
			isa = PBXGroup;
			children = (
				FB954AFB2BB2B31000A365FB /* HomeView */,
				FB954AFE2BB2BA3800A365FB /* MatchRecords */,
				FB954AFC2BB2B40E00A365FB /* TrendCharts */,
				FB954AFA2BB2B2E200A365FB /* Profile */,
				682D64A62AFE768600D7F07B /* SoundEffect */,
				FB954AFD2BB2B93100A365FB /* Share */,
			);
			path = Features;
			sourceTree = "<group>";
		};
		FB954AF72BB2AE0800A365FB /* Components */ = {
			isa = PBXGroup;
			children = (
				BEA63A602B0AF608000A309D /* HighlightModifier.swift */,
				BE010D382B0511CC0093A5FE /* FloatingCapsuleModifier.swift */,
				685D7B6D2AE5396200783433 /* LightRectangleView.swift */,
				FB5859962B14F0A2002617E0 /* InformationButton.swift */,
			);
			path = Components;
			sourceTree = "<group>";
		};
		FB954AFA2BB2B2E200A365FB /* Profile */ = {
			isa = PBXGroup;
			children = (
				FB954B082BB3115C00A365FB /* Models */,
				FB954B0A2BB311DA00A365FB /* ViewControllers */,
				FB954B092BB3118600A365FB /* Subviews */,
				D3A1F1102B06847600EB2049 /* ProfileView.swift */,
			);
			path = Profile;
			sourceTree = "<group>";
		};
		FB954AFB2BB2B31000A365FB /* HomeView */ = {
			isa = PBXGroup;
			children = (
				FB954B012BB2F92200A365FB /* Subviews */,
				D3C500142AE36F3F00EFAEFF /* ContentView.swift */,
				D3A1F10E2B067E8F00EB2049 /* MainView.swift */,
				D31B4ABD2B0AF35B00DD9100 /* EmptyDataView.swift */,
			);
			path = HomeView;
			sourceTree = "<group>";
		};
		FB954AFC2BB2B40E00A365FB /* TrendCharts */ = {
			isa = PBXGroup;
			children = (
				FB954B072BB2FF8B00A365FB /* Models */,
				FB954B062BB2FF1500A365FB /* ViewControllers */,
				FB954B052BB2FE0F00A365FB /* Subviews */,
				685D7B642AE529E800783433 /* AnalyticsView.swift */,
			);
			path = TrendCharts;
			sourceTree = "<group>";
		};
		FB954AFD2BB2B93100A365FB /* Share */ = {
			isa = PBXGroup;
			children = (
				FBA3DA612B00E6EF0025AD7B /* ShareView.swift */,
			);
			path = Share;
			sourceTree = "<group>";
		};
		FB954AFE2BB2BA3800A365FB /* MatchRecords */ = {
			isa = PBXGroup;
			children = (
				FB954B032BB2FC0D00A365FB /* ViewControllers */,
				FB954B022BB2FB3B00A365FB /* Subviews */,
				FBCED9312AE4218E00C57BF9 /* MatchRecapView.swift */,
				FBCED9342AE4A83900C57BF9 /* MatchDetailView.swift */,
			);
			path = MatchRecords;
			sourceTree = "<group>";
		};
		FB954B002BB2BB0700A365FB /* Data */ = {
			isa = PBXGroup;
			children = (
				D3D4F1892AF248CE006C6B8A /* HealthInteractor.swift */,
				D3D4F18C2AF26662006C6B8A /* WorkoutData.swift */,
			);
			path = Data;
			sourceTree = "<group>";
		};
		FB954B012BB2F92200A365FB /* Subviews */ = {
			isa = PBXGroup;
			children = (
				D37F6ABB2B0CDFAC00A37E4F /* HealthAlertView.swift */,
				68D5A5FF2BAD503100C80831 /* GuideAuthorizationView.swift */,
			);
			path = Subviews;
			sourceTree = "<group>";
		};
		FB954B022BB2FB3B00A365FB /* Subviews */ = {
			isa = PBXGroup;
			children = (
				D30F0B4B2AF0F19D002965D6 /* HeatmapView.swift */,
				D3D1749D2B00F92C0022F631 /* TKRadarChart.swift */,
				BE91CF3F2BBE43BC00F0EB6F /* RadarChartShape.swift */,
			);
			path = Subviews;
			sourceTree = "<group>";
		};
		FB954B032BB2FC0D00A365FB /* ViewControllers */ = {
			isa = PBXGroup;
			children = (
				D31B4ABF2B0B819000DD9100 /* DataConverter.swift */,
				D3D1749F2B00FE230022F631 /* RadarViewController.swift */,
			);
			path = ViewControllers;
			sourceTree = "<group>";
		};
		FB954B052BB2FE0F00A365FB /* Subviews */ = {
			isa = PBXGroup;
			children = (
				BEA63A692B0B386C000A309D /* AnalyticsComponent.swift */,
				685D7B742AE53DC400783433 /* SpeedChart.swift */,
				BECCFAB12B0665D2009F4BE5 /* SpeedChartOverview.swift */,
				BE4A91532B01101E004AAFA3 /* DistanceChart.swift */,
				BECCFAB32B06698F009F4BE5 /* DistanceChartOverview.swift */,
				BE4A91552B011A46004AAFA3 /* BPMChart.swift */,
				BECCFAB52B066AC4009F4BE5 /* BPMChartOverview.swift */,
				BE4A91572B011C8B004AAFA3 /* SprintChart.swift */,
				BECCFAB72B066B38009F4BE5 /* SprintChartOverview.swift */,
			);
			path = Subviews;
			sourceTree = "<group>";
		};
		FB954B062BB2FF1500A365FB /* ViewControllers */ = {
			isa = PBXGroup;
			children = (
				BEA63A652B0AFDFF000A309D /* ActivityEnum.swift */,
			);
			path = ViewControllers;
			sourceTree = "<group>";
		};
		FB954B072BB2FF8B00A365FB /* Models */ = {
			isa = PBXGroup;
			children = (
				BEDE523D2B03BFF800BBFD94 /* Analyzable.swift */,
			);
			path = Models;
			sourceTree = "<group>";
		};
		FB954B082BB3115C00A365FB /* Models */ = {
			isa = PBXGroup;
			children = (
				FB2EC9C22B0B50BB0050B0E8 /* BadgeImageDictionary.swift */,
			);
			path = Models;
			sourceTree = "<group>";
		};
		FB954B092BB3118600A365FB /* Subviews */ = {
			isa = PBXGroup;
			children = (
				682D64882AFDBF8C00D7F07B /* PhotoSelectButtonView.swift */,
				FBCED91F2AE3D38900C57BF9 /* MyCardView.swift */,
				BE16B7C22B0B7D0300192C3B /* TrophyCollectionView.swift */,
				BE323D3D2B0B7EE200F289D4 /* TrophyView.swift */,
				BE323D3F2B0C80C200F289D4 /* TooltipView.swift */,
				682D64842AFD1BA000D7F07B /* ProfileImage.swift */,
				682D64862AFD1D8500D7F07B /* Profile.swift */,
			);
			path = Subviews;
			sourceTree = "<group>";
		};
		FB954B0A2BB311DA00A365FB /* ViewControllers */ = {
			isa = PBXGroup;
			children = (
				682D64822AFD1B6B00D7F07B /* ProfileModel.swift */,
			);
			path = ViewControllers;
			sourceTree = "<group>";
		};
		FB954B0B2BB3B74C00A365FB /* Subviews */ = {
			isa = PBXGroup;
			children = (
				6812973A2AE648E0000CC957 /* SummaryComponent.swift */,
			);
			path = Subviews;
			sourceTree = "<group>";
		};
		FB954B0C2BB3B84700A365FB /* Models */ = {
			isa = PBXGroup;
			children = (
				BE4069962AF0E84300FA3030 /* Phrase.json */,
				BE40699B2AF0EB7700FA3030 /* Phrase.swift */,
			);
			path = Models;
			sourceTree = "<group>";
		};
		FB954B0D2BB3BAEE00A365FB /* Subviews */ = {
			isa = PBXGroup;
			children = (
				BEC1E5CD2AE6A254008B285E /* ElapsedTimeView.swift */,
				6898F2842AEFD7FC0075A573 /* SprintView.swift */,
			);
			path = Subviews;
			sourceTree = "<group>";
		};
		FB954B0E2BB3BB9400A365FB /* Models */ = {
			isa = PBXGroup;
			children = (
				BE93F1932B009FA300C33756 /* ElapsedTimeFormatter.swift */,
			);
			path = Models;
			sourceTree = "<group>";
		};
		FB954B0F2BB3BC0000A365FB /* Sources */ = {
			isa = PBXGroup;
			children = (
				685D7B5D2AE3F3BD00783433 /* WorkoutManager */,
				BEB666BE2AE4E13E0090195A /* Features */,
			);
			path = Sources;
			sourceTree = "<group>";
		};
		FB954B102BB3BC1600A365FB /* Resources */ = {
			isa = PBXGroup;
			children = (
				D3C500282AE36F4000EFAEFF /* Assets.xcassets */,
			);
			path = Resources;
			sourceTree = "<group>";
		};
		FB954B112BB3C0BD00A365FB /* BeforeRemoved */ = {
			isa = PBXGroup;
			children = (
				68B0732C2AF11847004C723F /* AlertView.swift */,
				BE22D6322AE586AA009035C9 /* SprintStatusView.swift */,
			);
			path = BeforeRemoved;
			sourceTree = "<group>";
		};
		FBCED9212AE3DAC700C57BF9 /* Fonts */ = {
			isa = PBXGroup;
			children = (
				FB2EC9C52B0B527F0050B0E8 /* SF-Pro-Text-Bold.otf */,
				FB2EC9BF2B0AF8BB0050B0E8 /* SF-Pro-Text-Regular.otf */,
				FBA3DA802B03B5770025AD7B /* SF-Pro-Display-HeavyItalic.otf */,
				BE323D412B0CC49500F289D4 /* SF-Pro-Text-Medium.otf */,
				BE323D472B0CC5DE00F289D4 /* SF-Pro-Text-MediumItalic.otf */,
				BE323D442B0CC4A700F289D4 /* SF-Pro-Text-Light.otf */,
				FBA3DA862B03B9F20025AD7B /* SF-Pro-Display-RegularItalic.otf */,
				FBE203932AF1ED7B000E47FE /* NotoSansDisplay-BlackItalic.ttf */,
				BE4069BD2AF1D22B00FA3030 /* NotoSans-Black.ttf */,
				BE4069D92AF1FE0500FA3030 /* NotoSans-BlackItalic.ttf */,
				BE4069D62AF1F98B00FA3030 /* NotoSans-Regular.ttf */,
				BE4069C42AF1F80C00FA3030 /* SF-Compact-Text-LightItalic.otf */,
				BE4069C32AF1F80C00FA3030 /* SF-Compact-Text-Medium.otf */,
				BE4069C22AF1F80C00FA3030 /* SF-Compact-Text-Regular.otf */,
				BE4069C52AF1F80D00FA3030 /* SF-Compact-Text-SemiboldItalic.otf */,
				BE4069C12AF1F80C00FA3030 /* SF-Pro-Text-BlackItalic.otf */,
				BE4069C62AF1F80D00FA3030 /* SF-Pro-Text-HeavyItalic.otf */,
				BE4069E32AF27ADF00FA3030 /* SF-Pro-Text-LightItalic.otf */,
				BED269752AFC6FB200153DE8 /* SF-Pro-Text-RegularItalic.otf */,
				BEDE52412B04D69400BBFD94 /* SF-Pro-Text-SemiboldItalic.otf */,
			);
			path = Fonts;
			sourceTree = "<group>";
		};
/* End PBXGroup section */

/* Begin PBXNativeTarget section */
		D3C5000E2AE36F3F00EFAEFF /* SoccerBeat */ = {
			isa = PBXNativeTarget;
			buildConfigurationList = D3C500332AE36F4000EFAEFF /* Build configuration list for PBXNativeTarget "SoccerBeat" */;
			buildPhases = (
				685D7B562AE38CCC00783433 /* ShellScript */,
				D3C5000B2AE36F3F00EFAEFF /* Sources */,
				D3C5000C2AE36F3F00EFAEFF /* Frameworks */,
				D3C5000D2AE36F3F00EFAEFF /* Resources */,
				D3C500322AE36F4000EFAEFF /* Embed Watch Content */,
			);
			buildRules = (
			);
			dependencies = (
				D3C500222AE36F3F00EFAEFF /* PBXTargetDependency */,
			);
			name = SoccerBeat;
			productName = SoccerBeat;
			productReference = D3C5000F2AE36F3F00EFAEFF /* SoccerBeat.app */;
			productType = "com.apple.product-type.application";
		};
		D3C5001E2AE36F3F00EFAEFF /* SoccerBeat Watch App */ = {
			isa = PBXNativeTarget;
			buildConfigurationList = D3C5002F2AE36F4000EFAEFF /* Build configuration list for PBXNativeTarget "SoccerBeat Watch App" */;
			buildPhases = (
				685D7B572AE38CD000783433 /* ShellScript */,
				D3C5001B2AE36F3F00EFAEFF /* Sources */,
				D3C5001C2AE36F3F00EFAEFF /* Frameworks */,
				D3C5001D2AE36F3F00EFAEFF /* Resources */,
			);
			buildRules = (
			);
			dependencies = (
			);
			name = "SoccerBeat Watch App";
			productName = "SoccerBeat Watch App";
			productReference = D3C5001F2AE36F3F00EFAEFF /* SoccerBeat Watch App.app */;
			productType = "com.apple.product-type.application";
		};
/* End PBXNativeTarget section */

/* Begin PBXProject section */
		D3C500072AE36F3E00EFAEFF /* Project object */ = {
			isa = PBXProject;
			attributes = {
				BuildIndependentTargetsInParallel = 1;
				LastSwiftUpdateCheck = 1500;
				LastUpgradeCheck = 1500;
				TargetAttributes = {
					D3C5000E2AE36F3F00EFAEFF = {
						CreatedOnToolsVersion = 15.0;
					};
					D3C5001E2AE36F3F00EFAEFF = {
						CreatedOnToolsVersion = 15.0;
					};
				};
			};
			buildConfigurationList = D3C5000A2AE36F3E00EFAEFF /* Build configuration list for PBXProject "SoccerBeat" */;
			compatibilityVersion = "Xcode 14.0";
			developmentRegion = en;
			hasScannedForEncodings = 0;
			knownRegions = (
				en,
				Base,
				ko,
			);
			mainGroup = D3C500062AE36F3E00EFAEFF;
			productRefGroup = D3C500102AE36F3F00EFAEFF /* Products */;
			projectDirPath = "";
			projectRoot = "";
			targets = (
				D3C5000E2AE36F3F00EFAEFF /* SoccerBeat */,
				D3C5001E2AE36F3F00EFAEFF /* SoccerBeat Watch App */,
			);
		};
/* End PBXProject section */

/* Begin PBXResourcesBuildPhase section */
		D3C5000D2AE36F3F00EFAEFF /* Resources */ = {
			isa = PBXResourcesBuildPhase;
			buildActionMask = 2147483647;
			files = (
				682D64B32AFEA6F000D7F07B /* PhotoSelectEffect.mp3 in Resources */,
				FBE203942AF1ED7B000E47FE /* NotoSansDisplay-BlackItalic.ttf in Resources */,
				FB2EC9C62B0B527F0050B0E8 /* SF-Pro-Text-Bold.otf in Resources */,
				685D7B592AE38D1A00783433 /* .swiftlint.yml in Resources */,
				6876C0BF2B0B7F73005C6872 /* FifaBackground.mp3 in Resources */,
				BED269762AFC6FB200153DE8 /* SF-Pro-Text-RegularItalic.otf in Resources */,
				BEDE52422B04D69400BBFD94 /* SF-Pro-Text-SemiboldItalic.otf in Resources */,
				BE4069D72AF1F98B00FA3030 /* NotoSans-Regular.ttf in Resources */,
				BE4069E42AF27ADF00FA3030 /* SF-Pro-Text-LightItalic.otf in Resources */,
				682D64B12AFE90A000D7F07B /* CardFlipEffect.mp3 in Resources */,
				BE4069BE2AF1D22B00FA3030 /* NotoSans-Black.ttf in Resources */,
				FBA3DA872B03B9F20025AD7B /* SF-Pro-Display-RegularItalic.otf in Resources */,
				BE323D452B0CC4A700F289D4 /* SF-Pro-Text-Light.otf in Resources */,
				BE4069CF2AF1F80D00FA3030 /* SF-Compact-Text-SemiboldItalic.otf in Resources */,
				BE323D422B0CC49500F289D4 /* SF-Pro-Text-Medium.otf in Resources */,
				BE323D482B0CC5DE00F289D4 /* SF-Pro-Text-MediumItalic.otf in Resources */,
				D3C5001A2AE36F3F00EFAEFF /* Preview Assets.xcassets in Resources */,
				FB2EC9C02B0AF8BB0050B0E8 /* SF-Pro-Text-Regular.otf in Resources */,
				BE4069D12AF1F80D00FA3030 /* SF-Pro-Text-HeavyItalic.otf in Resources */,
				BE4069C72AF1F80D00FA3030 /* SF-Pro-Text-BlackItalic.otf in Resources */,
				BE4069CD2AF1F80D00FA3030 /* SF-Compact-Text-LightItalic.otf in Resources */,
				BE4069C92AF1F80D00FA3030 /* SF-Compact-Text-Regular.otf in Resources */,
				D3C500172AE36F3F00EFAEFF /* Assets.xcassets in Resources */,
				FBA3DA812B03B5770025AD7B /* SF-Pro-Display-HeavyItalic.otf in Resources */,
				BE4069CB2AF1F80D00FA3030 /* SF-Compact-Text-Medium.otf in Resources */,
				BE40699A2AF0EB3E00FA3030 /* Phrase.json in Resources */,
				BE4069DA2AF1FE0500FA3030 /* NotoSans-BlackItalic.ttf in Resources */,
			);
			runOnlyForDeploymentPostprocessing = 0;
		};
		D3C5001D2AE36F3F00EFAEFF /* Resources */ = {
			isa = PBXResourcesBuildPhase;
			buildActionMask = 2147483647;
			files = (
				BE323D462B0CC4A700F289D4 /* SF-Pro-Text-Light.otf in Resources */,
				BEDE52432B04D69400BBFD94 /* SF-Pro-Text-SemiboldItalic.otf in Resources */,
				BE323D492B0CC5DE00F289D4 /* SF-Pro-Text-MediumItalic.otf in Resources */,
				685D7B5A2AE38D1A00783433 /* .swiftlint.yml in Resources */,
				BE4069D82AF1F98B00FA3030 /* NotoSans-Regular.ttf in Resources */,
				BE4069E52AF27ADF00FA3030 /* SF-Pro-Text-LightItalic.otf in Resources */,
				BE4069BF2AF1D22B00FA3030 /* NotoSans-Black.ttf in Resources */,
				BE323D432B0CC49500F289D4 /* SF-Pro-Text-Medium.otf in Resources */,
				BE4069D02AF1F80D00FA3030 /* SF-Compact-Text-SemiboldItalic.otf in Resources */,
				FB2EC9C72B0B527F0050B0E8 /* SF-Pro-Text-Bold.otf in Resources */,
				D3C5002C2AE36F4000EFAEFF /* Preview Assets.xcassets in Resources */,
				FB2EC9C12B0AF8BB0050B0E8 /* SF-Pro-Text-Regular.otf in Resources */,
				BE4069D22AF1F80D00FA3030 /* SF-Pro-Text-HeavyItalic.otf in Resources */,
				FBA3DA882B03B9F20025AD7B /* SF-Pro-Display-RegularItalic.otf in Resources */,
				BED269772AFC6FB200153DE8 /* SF-Pro-Text-RegularItalic.otf in Resources */,
				BE4069C82AF1F80D00FA3030 /* SF-Pro-Text-BlackItalic.otf in Resources */,
				BE4069CE2AF1F80D00FA3030 /* SF-Compact-Text-LightItalic.otf in Resources */,
				FBA3DA822B03B5770025AD7B /* SF-Pro-Display-HeavyItalic.otf in Resources */,
				BE4069CA2AF1F80D00FA3030 /* SF-Compact-Text-Regular.otf in Resources */,
				D3C500292AE36F4000EFAEFF /* Assets.xcassets in Resources */,
				BE4069CC2AF1F80D00FA3030 /* SF-Compact-Text-Medium.otf in Resources */,
				BE4069992AF0EB3E00FA3030 /* Phrase.json in Resources */,
				BE4069DB2AF1FE0500FA3030 /* NotoSans-BlackItalic.ttf in Resources */,
			);
			runOnlyForDeploymentPostprocessing = 0;
		};
/* End PBXResourcesBuildPhase section */

/* Begin PBXShellScriptBuildPhase section */
		685D7B562AE38CCC00783433 /* ShellScript */ = {
			isa = PBXShellScriptBuildPhase;
			alwaysOutOfDate = 1;
			buildActionMask = 2147483647;
			files = (
			);
			inputFileListPaths = (
			);
			inputPaths = (
			);
			outputFileListPaths = (
			);
			outputPaths = (
			);
			runOnlyForDeploymentPostprocessing = 0;
			shellPath = /bin/sh;
			shellScript = "export PATH=\"$PATH:/opt/homebrew/bin\"\nif which swiftlint > /dev/null; then\nswiftlint\nelse\necho \"warning: SwiftLint not                installed, download from https://github.com/realm/SwiftLint\"\nfi\n";
		};
		685D7B572AE38CD000783433 /* ShellScript */ = {
			isa = PBXShellScriptBuildPhase;
			alwaysOutOfDate = 1;
			buildActionMask = 2147483647;
			files = (
			);
			inputFileListPaths = (
			);
			inputPaths = (
			);
			outputFileListPaths = (
			);
			outputPaths = (
			);
			runOnlyForDeploymentPostprocessing = 0;
			shellPath = /bin/sh;
			shellScript = "cd \"${CONFIGURATION_BUILD_DIR}/${UNLOCALIZED_RESOURCES_FOLDER_PATH}/\"\nif [[ -d \"Frameworks\" ]]; then \n    rm -fr Frameworks\nfi\n";
		};
/* End PBXShellScriptBuildPhase section */

/* Begin PBXSourcesBuildPhase section */
		D3C5000B2AE36F3F00EFAEFF /* Sources */ = {
			isa = PBXSourcesBuildPhase;
			buildActionMask = 2147483647;
			files = (
				BEA63A612B0AF608000A309D /* HighlightModifier.swift in Sources */,
				BE91CF402BBE43BC00F0EB6F /* RadarChartShape.swift in Sources */,
				BECCFAB42B06698F009F4BE5 /* DistanceChartOverview.swift in Sources */,
				FB2EC9C32B0B50BB0050B0E8 /* BadgeImageDictionary.swift in Sources */,
				BE93F1912B00937000C33756 /* TextBorder+extension.swift in Sources */,
				BE4A91562B011A46004AAFA3 /* BPMChart.swift in Sources */,
				D3D4F18B2AF256AF006C6B8A /* HealthInteractor.swift in Sources */,
				682D64852AFD1BA000D7F07B /* ProfileImage.swift in Sources */,
				BEA63A662B0AFDFF000A309D /* ActivityEnum.swift in Sources */,
				D31B4AC02B0B819000DD9100 /* DataConverter.swift in Sources */,
				68FDD5DA2AE60FAA00B8ACB9 /* Color+extension.swift in Sources */,
				FBCED9202AE3D38900C57BF9 /* MyCardView.swift in Sources */,
				BE40699F2AF0F2F500FA3030 /* Bundle+extension.swift in Sources */,
				FBCED9352AE4A83900C57BF9 /* MatchDetailView.swift in Sources */,
				D3D174A02B00FE230022F631 /* RadarViewController.swift in Sources */,
				BECCFAB62B066AC4009F4BE5 /* BPMChartOverview.swift in Sources */,
				D3C500152AE36F3F00EFAEFF /* ContentView.swift in Sources */,
				BE16B7C32B0B7D0300192C3B /* TrophyCollectionView.swift in Sources */,
				BE4B72742BAAA87300034C0F /* Dictionary+extension.swift in Sources */,
				D3C500132AE36F3F00EFAEFF /* SoccerBeatApp.swift in Sources */,
				BE4A91582B011C8B004AAFA3 /* SprintChart.swift in Sources */,
				D3A1F1112B06847600EB2049 /* ProfileView.swift in Sources */,
				FBCED9322AE4218E00C57BF9 /* MatchRecapView.swift in Sources */,
				BE010D392B0511CC0093A5FE /* FloatingCapsuleModifier.swift in Sources */,
				BECCFAB82B066B38009F4BE5 /* SprintChartOverview.swift in Sources */,
				FB5859972B14F0A2002617E0 /* InformationButton.swift in Sources */,
				BE4A91542B01101E004AAFA3 /* DistanceChart.swift in Sources */,
				D3D1749E2B00F92C0022F631 /* TKRadarChart.swift in Sources */,
				BEA63A6A2B0B386C000A309D /* AnalyticsComponent.swift in Sources */,
				BE40699C2AF0EB7700FA3030 /* Phrase.swift in Sources */,
				BECCFAB22B0665D2009F4BE5 /* SpeedChartOverview.swift in Sources */,
				685D7B6E2AE5396200783433 /* LightRectangleView.swift in Sources */,
				BE323D3E2B0B7EE200F289D4 /* TrophyView.swift in Sources */,
				D37F6ABC2B0CDFAC00A37E4F /* HealthAlertView.swift in Sources */,
				6851E6E32B0C8E7F007D1DD8 /* Text+extension.swift in Sources */,
				682D64892AFDBF8C00D7F07B /* PhotoSelectButtonView.swift in Sources */,
				BEDE523E2B03BFF800BBFD94 /* Analyzable.swift in Sources */,
				FBA3DA622B00E6EF0025AD7B /* ShareView.swift in Sources */,
				FBA3DA622B00E6EF0025AD7B /* ShareView.swift in Sources */,
				682D64A82AFE77D500D7F07B /* SoundManager.swift in Sources */,
				682D64872AFD1D8500D7F07B /* Profile.swift in Sources */,
				BE4069E22AF279F600FA3030 /* Font+extension.swift in Sources */,
				D30F0B4C2AF0F19D002965D6 /* HeatmapView.swift in Sources */,
				D31B4ABE2B0AF35B00DD9100 /* EmptyDataView.swift in Sources */,
				685D7B752AE53DC400783433 /* SpeedChart.swift in Sources */,
				D3D4F18D2AF26662006C6B8A /* WorkoutData.swift in Sources */,
				D3A1F10F2B067E8F00EB2049 /* MainView.swift in Sources */,
				682D64832AFD1B6B00D7F07B /* ProfileModel.swift in Sources */,
				685D7B652AE529E800783433 /* AnalyticsView.swift in Sources */,
				68D5A6002BAD503100C80831 /* GuideAuthorizationView.swift in Sources */,
				BE010D3C2B0512680093A5FE /* Double+extension.swift in Sources */,
				BE323D402B0C80C200F289D4 /* TooltipView.swift in Sources */,
			);
			runOnlyForDeploymentPostprocessing = 0;
		};
		D3C5001B2AE36F3F00EFAEFF /* Sources */ = {
			isa = PBXSourcesBuildPhase;
			buildActionMask = 2147483647;
			files = (
				FB954AFF2BB2BAAF00A365FB /* HealthInteractor.swift in Sources */,
				6851E6E42B0C8E7F007D1DD8 /* Text+extension.swift in Sources */,
				BE0639DA2AE66D93008D1D4E /* SessionPagingView.swift in Sources */,
				685D7B5F2AE3F3D000783433 /* WatchWorkoutManager.swift in Sources */,
				BEA63A622B0AFD29000A309D /* HighlightModifier.swift in Sources */,
				BE22D6372AE586AA009035C9 /* SprintStatusView.swift in Sources */,
				BE0639D82AE61BC2008D1D4E /* SplitControlsView.swift in Sources */,
				BEA63A672B0AFDFF000A309D /* ActivityEnum.swift in Sources */,
				BE360F022BA016EA00071C30 /* WorkoutManager+extensions.swift in Sources */,
				683825052B06249F00FE9CDF /* SprintSheetView.swift in Sources */,
				6898F2852AEFD7FC0075A573 /* SprintView.swift in Sources */,
				6820884C2AF11EB200F51A3E /* PrecountView.swift in Sources */,
				BE93F1952B009FA300C33756 /* ElapsedTimeFormatter.swift in Sources */,
				BE93F1922B00937000C33756 /* TextBorder+extension.swift in Sources */,
				BE22D6382AE586AA009035C9 /* Color+extension.swift in Sources */,
				BEC1E5CE2AE6A254008B285E /* ElapsedTimeView.swift in Sources */,
				BE360F002B9FF4A100071C30 /* MatricsIndicator.swift in Sources */,
				BE010D3A2B0511CC0093A5FE /* FloatingCapsuleModifier.swift in Sources */,
				BE010D3D2B0512680093A5FE /* Double+extension.swift in Sources */,
				BE4B72752BAAA87300034C0F /* Dictionary+extension.swift in Sources */,
				BE40699D2AF0EB7700FA3030 /* Phrase.swift in Sources */,
				681297392AE64432000CC957 /* PhraseView.swift in Sources */,
				BE22D6352AE586AA009035C9 /* GameProgressView.swift in Sources */,
				68B0732E2AF11847004C723F /* AlertView.swift in Sources */,
				D3C500252AE36F3F00EFAEFF /* SoccerBeatApp.swift in Sources */,
				685D7B5F2AE3F3D000783433 /* WatchWorkoutManager.swift in Sources */,
				BEB666C22AE4E16D0090195A /* StartView.swift in Sources */,
				BE360EFE2B9703A700071C30 /* WorkoutData.swift in Sources */,
				BE4069A02AF0F2F500FA3030 /* Bundle+extension.swift in Sources */,
				68FDD5DD2AE61D6B00B8ACB9 /* SummaryView.swift in Sources */,
				BE4498272AEFF2AC00252561 /* Font+extension.swift in Sources */,
				6812973B2AE648E0000CC957 /* SummaryComponent.swift in Sources */,
			);
			runOnlyForDeploymentPostprocessing = 0;
		};
/* End PBXSourcesBuildPhase section */

/* Begin PBXTargetDependency section */
		D3C500222AE36F3F00EFAEFF /* PBXTargetDependency */ = {
			isa = PBXTargetDependency;
			target = D3C5001E2AE36F3F00EFAEFF /* SoccerBeat Watch App */;
			targetProxy = D3C500212AE36F3F00EFAEFF /* PBXContainerItemProxy */;
		};
/* End PBXTargetDependency section */

/* Begin PBXVariantGroup section */
		BE4069962AF0E84300FA3030 /* Phrase.json */ = {
			isa = PBXVariantGroup;
			children = (
				BE4069972AF0E84800FA3030 /* Base */,
				BE4069982AF0E8AC00FA3030 /* en */,
			);
			name = Phrase.json;
			sourceTree = "<group>";
		};
/* End PBXVariantGroup section */

/* Begin XCBuildConfiguration section */
		D3C5002D2AE36F4000EFAEFF /* Debug */ = {
			isa = XCBuildConfiguration;
			buildSettings = {
				ALWAYS_SEARCH_USER_PATHS = NO;
				ASSETCATALOG_COMPILER_GENERATE_SWIFT_ASSET_SYMBOL_EXTENSIONS = YES;
				CLANG_ANALYZER_NONNULL = YES;
				CLANG_ANALYZER_NUMBER_OBJECT_CONVERSION = YES_AGGRESSIVE;
				CLANG_CXX_LANGUAGE_STANDARD = "gnu++20";
				CLANG_ENABLE_MODULES = YES;
				CLANG_ENABLE_OBJC_ARC = YES;
				CLANG_ENABLE_OBJC_WEAK = YES;
				CLANG_WARN_BLOCK_CAPTURE_AUTORELEASING = YES;
				CLANG_WARN_BOOL_CONVERSION = YES;
				CLANG_WARN_COMMA = YES;
				CLANG_WARN_CONSTANT_CONVERSION = YES;
				CLANG_WARN_DEPRECATED_OBJC_IMPLEMENTATIONS = YES;
				CLANG_WARN_DIRECT_OBJC_ISA_USAGE = YES_ERROR;
				CLANG_WARN_DOCUMENTATION_COMMENTS = YES;
				CLANG_WARN_EMPTY_BODY = YES;
				CLANG_WARN_ENUM_CONVERSION = YES;
				CLANG_WARN_INFINITE_RECURSION = YES;
				CLANG_WARN_INT_CONVERSION = YES;
				CLANG_WARN_NON_LITERAL_NULL_CONVERSION = YES;
				CLANG_WARN_OBJC_IMPLICIT_RETAIN_SELF = YES;
				CLANG_WARN_OBJC_LITERAL_CONVERSION = YES;
				CLANG_WARN_OBJC_ROOT_CLASS = YES_ERROR;
				CLANG_WARN_QUOTED_INCLUDE_IN_FRAMEWORK_HEADER = YES;
				CLANG_WARN_RANGE_LOOP_ANALYSIS = YES;
				CLANG_WARN_STRICT_PROTOTYPES = YES;
				CLANG_WARN_SUSPICIOUS_MOVE = YES;
				CLANG_WARN_UNGUARDED_AVAILABILITY = YES_AGGRESSIVE;
				CLANG_WARN_UNREACHABLE_CODE = YES;
				CLANG_WARN__DUPLICATE_METHOD_MATCH = YES;
				COPY_PHASE_STRIP = NO;
				DEBUG_INFORMATION_FORMAT = dwarf;
				ENABLE_STRICT_OBJC_MSGSEND = YES;
				ENABLE_TESTABILITY = YES;
				ENABLE_USER_SCRIPT_SANDBOXING = NO;
				GCC_C_LANGUAGE_STANDARD = gnu17;
				GCC_DYNAMIC_NO_PIC = NO;
				GCC_NO_COMMON_BLOCKS = YES;
				GCC_OPTIMIZATION_LEVEL = 0;
				GCC_PREPROCESSOR_DEFINITIONS = (
					"DEBUG=1",
					"$(inherited)",
				);
				GCC_WARN_64_TO_32_BIT_CONVERSION = YES;
				GCC_WARN_ABOUT_RETURN_TYPE = YES_ERROR;
				GCC_WARN_UNDECLARED_SELECTOR = YES;
				GCC_WARN_UNINITIALIZED_AUTOS = YES_AGGRESSIVE;
				GCC_WARN_UNUSED_FUNCTION = YES;
				GCC_WARN_UNUSED_VARIABLE = YES;
				LOCALIZATION_PREFERS_STRING_CATALOGS = YES;
				MTL_ENABLE_DEBUG_INFO = INCLUDE_SOURCE;
				MTL_FAST_MATH = YES;
				ONLY_ACTIVE_ARCH = YES;
				SWIFT_ACTIVE_COMPILATION_CONDITIONS = "DEBUG $(inherited)";
				SWIFT_OPTIMIZATION_LEVEL = "-Onone";
			};
			name = Debug;
		};
		D3C5002E2AE36F4000EFAEFF /* Release */ = {
			isa = XCBuildConfiguration;
			buildSettings = {
				ALWAYS_SEARCH_USER_PATHS = NO;
				ASSETCATALOG_COMPILER_GENERATE_SWIFT_ASSET_SYMBOL_EXTENSIONS = YES;
				CLANG_ANALYZER_NONNULL = YES;
				CLANG_ANALYZER_NUMBER_OBJECT_CONVERSION = YES_AGGRESSIVE;
				CLANG_CXX_LANGUAGE_STANDARD = "gnu++20";
				CLANG_ENABLE_MODULES = YES;
				CLANG_ENABLE_OBJC_ARC = YES;
				CLANG_ENABLE_OBJC_WEAK = YES;
				CLANG_WARN_BLOCK_CAPTURE_AUTORELEASING = YES;
				CLANG_WARN_BOOL_CONVERSION = YES;
				CLANG_WARN_COMMA = YES;
				CLANG_WARN_CONSTANT_CONVERSION = YES;
				CLANG_WARN_DEPRECATED_OBJC_IMPLEMENTATIONS = YES;
				CLANG_WARN_DIRECT_OBJC_ISA_USAGE = YES_ERROR;
				CLANG_WARN_DOCUMENTATION_COMMENTS = YES;
				CLANG_WARN_EMPTY_BODY = YES;
				CLANG_WARN_ENUM_CONVERSION = YES;
				CLANG_WARN_INFINITE_RECURSION = YES;
				CLANG_WARN_INT_CONVERSION = YES;
				CLANG_WARN_NON_LITERAL_NULL_CONVERSION = YES;
				CLANG_WARN_OBJC_IMPLICIT_RETAIN_SELF = YES;
				CLANG_WARN_OBJC_LITERAL_CONVERSION = YES;
				CLANG_WARN_OBJC_ROOT_CLASS = YES_ERROR;
				CLANG_WARN_QUOTED_INCLUDE_IN_FRAMEWORK_HEADER = YES;
				CLANG_WARN_RANGE_LOOP_ANALYSIS = YES;
				CLANG_WARN_STRICT_PROTOTYPES = YES;
				CLANG_WARN_SUSPICIOUS_MOVE = YES;
				CLANG_WARN_UNGUARDED_AVAILABILITY = YES_AGGRESSIVE;
				CLANG_WARN_UNREACHABLE_CODE = YES;
				CLANG_WARN__DUPLICATE_METHOD_MATCH = YES;
				COPY_PHASE_STRIP = NO;
				DEBUG_INFORMATION_FORMAT = "dwarf-with-dsym";
				ENABLE_NS_ASSERTIONS = NO;
				ENABLE_STRICT_OBJC_MSGSEND = YES;
				ENABLE_USER_SCRIPT_SANDBOXING = NO;
				GCC_C_LANGUAGE_STANDARD = gnu17;
				GCC_NO_COMMON_BLOCKS = YES;
				GCC_WARN_64_TO_32_BIT_CONVERSION = YES;
				GCC_WARN_ABOUT_RETURN_TYPE = YES_ERROR;
				GCC_WARN_UNDECLARED_SELECTOR = YES;
				GCC_WARN_UNINITIALIZED_AUTOS = YES_AGGRESSIVE;
				GCC_WARN_UNUSED_FUNCTION = YES;
				GCC_WARN_UNUSED_VARIABLE = YES;
				LOCALIZATION_PREFERS_STRING_CATALOGS = YES;
				MTL_ENABLE_DEBUG_INFO = NO;
				MTL_FAST_MATH = YES;
				SWIFT_COMPILATION_MODE = wholemodule;
			};
			name = Release;
		};
		D3C500302AE36F4000EFAEFF /* Debug */ = {
			isa = XCBuildConfiguration;
			buildSettings = {
				ASSETCATALOG_COMPILER_APPICON_NAME = AppIcon;
				ASSETCATALOG_COMPILER_GLOBAL_ACCENT_COLOR_NAME = AccentColor;
				CODE_SIGN_ENTITLEMENTS = "SoccerBeat Watch App/SoccerBeat Watch App.entitlements";
				CODE_SIGN_IDENTITY = "Apple Development";
				"CODE_SIGN_IDENTITY[sdk=watchos*]" = "iPhone Developer";
				CODE_SIGN_STYLE = Manual;
				CURRENT_PROJECT_VERSION = 1;
				DEVELOPMENT_ASSET_PATHS = "\"SoccerBeat Watch App/Preview Content\"";
				DEVELOPMENT_TEAM = "";
				"DEVELOPMENT_TEAM[sdk=watchos*]" = 8S86367NT3;
				ENABLE_PREVIEWS = YES;
				GENERATE_INFOPLIST_FILE = YES;
				INFOPLIST_FILE = "SoccerBeat-Watch-App-Info.plist";
				INFOPLIST_KEY_CFBundleDisplayName = SoccerBeat;
				INFOPLIST_KEY_NSHealthClinicalHealthRecordsShareUsageDescription = "SoccerBeat의 경기 데이터 분석을 위해 사용됩니다.";
				INFOPLIST_KEY_NSHealthShareUsageDescription = "SoccerBeat의 경기 데이터 분석을 위해 사용됩니다.";
				INFOPLIST_KEY_NSHealthUpdateUsageDescription = "SoccerBeat의 경기 데이터 분석을 위해 사용됩니다.";
				INFOPLIST_KEY_NSLocationAlwaysAndWhenInUseUsageDescription = "축구 경기 중 위치를 표시하기 위해 내 위치 권한을 요청합니다.";
				INFOPLIST_KEY_NSLocationWhenInUseUsageDescription = "축구 경기 중 위치를 표시하기 위해 내 위치 권한을 요청합니다.";
				INFOPLIST_KEY_UISupportedInterfaceOrientations = "UIInterfaceOrientationPortrait UIInterfaceOrientationPortraitUpsideDown";
				INFOPLIST_KEY_WKCompanionAppBundleIdentifier = com.SoccerBeat.Guryongpo;
				INFOPLIST_KEY_WKRunsIndependentlyOfCompanionApp = NO;
				LD_RUNPATH_SEARCH_PATHS = (
					"$(inherited)",
					"@executable_path/Frameworks",
				);
				MARKETING_VERSION = 1.0.2;
				PRODUCT_BUNDLE_IDENTIFIER = com.SoccerBeat.Guryongpo.watchkitapp;
				PRODUCT_NAME = "$(TARGET_NAME)";
				PROVISIONING_PROFILE_SPECIFIER = "";
				"PROVISIONING_PROFILE_SPECIFIER[sdk=watchos*]" = SoccerBeat_watch_Dev;
				SDKROOT = watchos;
				SKIP_INSTALL = YES;
				SWIFT_EMIT_LOC_STRINGS = YES;
				SWIFT_VERSION = 5.0;
				TARGETED_DEVICE_FAMILY = 4;
				WATCHOS_DEPLOYMENT_TARGET = 9.0;
			};
			name = Debug;
		};
		D3C500312AE36F4000EFAEFF /* Release */ = {
			isa = XCBuildConfiguration;
			buildSettings = {
				ASSETCATALOG_COMPILER_APPICON_NAME = AppIcon;
				ASSETCATALOG_COMPILER_GLOBAL_ACCENT_COLOR_NAME = AccentColor;
				CODE_SIGN_ENTITLEMENTS = "SoccerBeat Watch App/SoccerBeat Watch App.entitlements";
				CODE_SIGN_IDENTITY = "Apple Development";
				"CODE_SIGN_IDENTITY[sdk=watchos*]" = "iPhone Developer";
				CODE_SIGN_STYLE = Manual;
				CURRENT_PROJECT_VERSION = 1;
				DEVELOPMENT_ASSET_PATHS = "\"SoccerBeat Watch App/Preview Content\"";
				DEVELOPMENT_TEAM = "";
				"DEVELOPMENT_TEAM[sdk=watchos*]" = 8S86367NT3;
				ENABLE_PREVIEWS = YES;
				GENERATE_INFOPLIST_FILE = YES;
				INFOPLIST_FILE = "SoccerBeat-Watch-App-Info.plist";
				INFOPLIST_KEY_CFBundleDisplayName = SoccerBeat;
				INFOPLIST_KEY_NSHealthClinicalHealthRecordsShareUsageDescription = "SoccerBeat의 경기 데이터 분석을 위해 사용됩니다.";
				INFOPLIST_KEY_NSHealthShareUsageDescription = "SoccerBeat의 경기 데이터 분석을 위해 사용됩니다.";
				INFOPLIST_KEY_NSHealthUpdateUsageDescription = "SoccerBeat의 경기 데이터 분석을 위해 사용됩니다.";
				INFOPLIST_KEY_NSLocationAlwaysAndWhenInUseUsageDescription = "축구 경기 중 위치를 표시하기 위해 내 위치 권한을 요청합니다.";
				INFOPLIST_KEY_NSLocationWhenInUseUsageDescription = "축구 경기 중 위치를 표시하기 위해 내 위치 권한을 요청합니다.";
				INFOPLIST_KEY_UISupportedInterfaceOrientations = "UIInterfaceOrientationPortrait UIInterfaceOrientationPortraitUpsideDown";
				INFOPLIST_KEY_WKCompanionAppBundleIdentifier = com.SoccerBeat.Guryongpo;
				INFOPLIST_KEY_WKRunsIndependentlyOfCompanionApp = NO;
				LD_RUNPATH_SEARCH_PATHS = (
					"$(inherited)",
					"@executable_path/Frameworks",
				);
				MARKETING_VERSION = 1.0.2;
				PRODUCT_BUNDLE_IDENTIFIER = com.SoccerBeat.Guryongpo.watchkitapp;
				PRODUCT_NAME = "$(TARGET_NAME)";
				PROVISIONING_PROFILE_SPECIFIER = "";
				"PROVISIONING_PROFILE_SPECIFIER[sdk=watchos*]" = SoccerBeat_watch_AdHoc;
				SDKROOT = watchos;
				SKIP_INSTALL = YES;
				SWIFT_EMIT_LOC_STRINGS = YES;
				SWIFT_VERSION = 5.0;
				TARGETED_DEVICE_FAMILY = 4;
				VALIDATE_PRODUCT = YES;
				WATCHOS_DEPLOYMENT_TARGET = 9.0;
			};
			name = Release;
		};
		D3C500342AE36F4000EFAEFF /* Debug */ = {
			isa = XCBuildConfiguration;
			buildSettings = {
				ALWAYS_EMBED_SWIFT_STANDARD_LIBRARIES = YES;
				ASSETCATALOG_COMPILER_APPICON_NAME = AppIcon;
				ASSETCATALOG_COMPILER_GLOBAL_ACCENT_COLOR_NAME = AccentColor;
				CODE_SIGN_ENTITLEMENTS = SoccerBeat/SoccerBeat.entitlements;
				CODE_SIGN_IDENTITY = "Apple Development";
				"CODE_SIGN_IDENTITY[sdk=iphoneos*]" = "iPhone Developer";
				CODE_SIGN_STYLE = Manual;
				CURRENT_PROJECT_VERSION = 1;
				DEVELOPMENT_ASSET_PATHS = "\"SoccerBeat/Preview Content\"";
				DEVELOPMENT_TEAM = "";
				"DEVELOPMENT_TEAM[sdk=iphoneos*]" = 8S86367NT3;
				ENABLE_PREVIEWS = YES;
				GENERATE_INFOPLIST_FILE = YES;
				INFOPLIST_FILE = SoccerBeat/Info.plist;
				INFOPLIST_KEY_CFBundleDisplayName = SoccerBeat;
				INFOPLIST_KEY_NSHealthShareUsageDescription = "축구 기록을 활용하기 위해 건강 정보가 필요합니다.";
				INFOPLIST_KEY_NSHealthUpdateUsageDescription = "축구 기록을 활용하기 위해 건강 정보가 필요합니다.";
				INFOPLIST_KEY_NSLocationAlwaysAndWhenInUseUsageDescription = "축구 경기 중 위치를 표시하기 위해 내 위치 권한을 요청합니다.";
				INFOPLIST_KEY_NSLocationWhenInUseUsageDescription = "축구 경기 중 위치를 표시하기 위해 내 위치 권한을 요청합니다.";
				INFOPLIST_KEY_UIApplicationSceneManifest_Generation = YES;
				INFOPLIST_KEY_UIApplicationSupportsIndirectInputEvents = YES;
				INFOPLIST_KEY_UILaunchScreen_Generation = YES;
				INFOPLIST_KEY_UISupportedInterfaceOrientations = UIInterfaceOrientationPortrait;
				INFOPLIST_KEY_UISupportedInterfaceOrientations_iPad = "UIInterfaceOrientationLandscapeLeft UIInterfaceOrientationLandscapeRight UIInterfaceOrientationPortrait UIInterfaceOrientationPortraitUpsideDown";
				INFOPLIST_KEY_UIUserInterfaceStyle = Dark;
				IPHONEOS_DEPLOYMENT_TARGET = 16.0;
				LD_RUNPATH_SEARCH_PATHS = (
					"$(inherited)",
					"@executable_path/Frameworks",
				);
				MARKETING_VERSION = 1.0.2;
				PRODUCT_BUNDLE_IDENTIFIER = com.SoccerBeat.Guryongpo;
				PRODUCT_NAME = "$(TARGET_NAME)";
				PROVISIONING_PROFILE_SPECIFIER = "";
				"PROVISIONING_PROFILE_SPECIFIER[sdk=iphoneos*]" = SoccerBeat_Dev;
				SDKROOT = iphoneos;
				SUPPORTED_PLATFORMS = "iphoneos iphonesimulator";
				SUPPORTS_MACCATALYST = NO;
				SWIFT_EMIT_LOC_STRINGS = YES;
				SWIFT_VERSION = 5.0;
				TARGETED_DEVICE_FAMILY = 1;
			};
			name = Debug;
		};
		D3C500352AE36F4000EFAEFF /* Release */ = {
			isa = XCBuildConfiguration;
			buildSettings = {
				ALWAYS_EMBED_SWIFT_STANDARD_LIBRARIES = YES;
				ASSETCATALOG_COMPILER_APPICON_NAME = AppIcon;
				ASSETCATALOG_COMPILER_GLOBAL_ACCENT_COLOR_NAME = AccentColor;
				CODE_SIGN_ENTITLEMENTS = SoccerBeat/SoccerBeat.entitlements;
				CODE_SIGN_IDENTITY = "Apple Development";
				"CODE_SIGN_IDENTITY[sdk=iphoneos*]" = "iPhone Developer";
				CODE_SIGN_STYLE = Manual;
				CURRENT_PROJECT_VERSION = 1;
				DEVELOPMENT_ASSET_PATHS = "\"SoccerBeat/Preview Content\"";
				DEVELOPMENT_TEAM = "";
				"DEVELOPMENT_TEAM[sdk=iphoneos*]" = 8S86367NT3;
				ENABLE_PREVIEWS = YES;
				GENERATE_INFOPLIST_FILE = YES;
				INFOPLIST_FILE = SoccerBeat/Info.plist;
				INFOPLIST_KEY_CFBundleDisplayName = SoccerBeat;
				INFOPLIST_KEY_NSHealthShareUsageDescription = "축구 기록을 활용하기 위해 건강 정보가 필요합니다.";
				INFOPLIST_KEY_NSHealthUpdateUsageDescription = "축구 기록을 활용하기 위해 건강 정보가 필요합니다.";
				INFOPLIST_KEY_NSLocationAlwaysAndWhenInUseUsageDescription = "축구 경기 중 위치를 표시하기 위해 내 위치 권한을 요청합니다.";
				INFOPLIST_KEY_NSLocationWhenInUseUsageDescription = "축구 경기 중 위치를 표시하기 위해 내 위치 권한을 요청합니다.";
				INFOPLIST_KEY_UIApplicationSceneManifest_Generation = YES;
				INFOPLIST_KEY_UIApplicationSupportsIndirectInputEvents = YES;
				INFOPLIST_KEY_UILaunchScreen_Generation = YES;
				INFOPLIST_KEY_UISupportedInterfaceOrientations = UIInterfaceOrientationPortrait;
				INFOPLIST_KEY_UISupportedInterfaceOrientations_iPad = "UIInterfaceOrientationLandscapeLeft UIInterfaceOrientationLandscapeRight UIInterfaceOrientationPortrait UIInterfaceOrientationPortraitUpsideDown";
				INFOPLIST_KEY_UIUserInterfaceStyle = Dark;
				IPHONEOS_DEPLOYMENT_TARGET = 16.0;
				LD_RUNPATH_SEARCH_PATHS = (
					"$(inherited)",
					"@executable_path/Frameworks",
				);
				MARKETING_VERSION = 1.0.2;
				PRODUCT_BUNDLE_IDENTIFIER = com.SoccerBeat.Guryongpo;
				PRODUCT_NAME = "$(TARGET_NAME)";
				PROVISIONING_PROFILE_SPECIFIER = "";
				"PROVISIONING_PROFILE_SPECIFIER[sdk=iphoneos*]" = SoccerBeat_AdHoc;
				SDKROOT = iphoneos;
				SUPPORTED_PLATFORMS = "iphoneos iphonesimulator";
				SUPPORTS_MACCATALYST = NO;
				SWIFT_EMIT_LOC_STRINGS = YES;
				SWIFT_VERSION = 5.0;
				TARGETED_DEVICE_FAMILY = 1;
				VALIDATE_PRODUCT = YES;
			};
			name = Release;
		};
/* End XCBuildConfiguration section */

/* Begin XCConfigurationList section */
		D3C5000A2AE36F3E00EFAEFF /* Build configuration list for PBXProject "SoccerBeat" */ = {
			isa = XCConfigurationList;
			buildConfigurations = (
				D3C5002D2AE36F4000EFAEFF /* Debug */,
				D3C5002E2AE36F4000EFAEFF /* Release */,
			);
			defaultConfigurationIsVisible = 0;
			defaultConfigurationName = Release;
		};
		D3C5002F2AE36F4000EFAEFF /* Build configuration list for PBXNativeTarget "SoccerBeat Watch App" */ = {
			isa = XCConfigurationList;
			buildConfigurations = (
				D3C500302AE36F4000EFAEFF /* Debug */,
				D3C500312AE36F4000EFAEFF /* Release */,
			);
			defaultConfigurationIsVisible = 0;
			defaultConfigurationName = Release;
		};
		D3C500332AE36F4000EFAEFF /* Build configuration list for PBXNativeTarget "SoccerBeat" */ = {
			isa = XCConfigurationList;
			buildConfigurations = (
				D3C500342AE36F4000EFAEFF /* Debug */,
				D3C500352AE36F4000EFAEFF /* Release */,
			);
			defaultConfigurationIsVisible = 0;
			defaultConfigurationName = Release;
		};
/* End XCConfigurationList section */
	};
	rootObject = D3C500072AE36F3E00EFAEFF /* Project object */;
}
