// !$*UTF8*$!
{
	archiveVersion = 1;
	classes = {
	};
	objectVersion = 56;
	objects = {

/* Begin PBXBuildFile section */
		681297392AE64432000CC957 /* PhraseView.swift in Sources */ = {isa = PBXBuildFile; fileRef = 681297382AE64432000CC957 /* PhraseView.swift */; };
		6812973B2AE648E0000CC957 /* SummaryComponent.swift in Sources */ = {isa = PBXBuildFile; fileRef = 6812973A2AE648E0000CC957 /* SummaryComponent.swift */; };
		6820884C2AF11EB200F51A3E /* PrecountView.swift in Sources */ = {isa = PBXBuildFile; fileRef = 6820884B2AF11EB200F51A3E /* PrecountView.swift */; };
		685D7B592AE38D1A00783433 /* .swiftlint.yml in Resources */ = {isa = PBXBuildFile; fileRef = 685D7B582AE38D1A00783433 /* .swiftlint.yml */; };
		685D7B5A2AE38D1A00783433 /* .swiftlint.yml in Resources */ = {isa = PBXBuildFile; fileRef = 685D7B582AE38D1A00783433 /* .swiftlint.yml */; };
		685D7B5F2AE3F3D000783433 /* WatchWorkoutManager.swift in Sources */ = {isa = PBXBuildFile; fileRef = 685D7B5E2AE3F3D000783433 /* WatchWorkoutManager.swift */; };
		685D7B652AE529E800783433 /* AnalyticsView.swift in Sources */ = {isa = PBXBuildFile; fileRef = 685D7B642AE529E800783433 /* AnalyticsView.swift */; };
		685D7B682AE52A2900783433 /* Data.swift in Sources */ = {isa = PBXBuildFile; fileRef = 685D7B672AE52A2900783433 /* Data.swift */; };
		685D7B6E2AE5396200783433 /* LightRectangleView.swift in Sources */ = {isa = PBXBuildFile; fileRef = 685D7B6D2AE5396200783433 /* LightRectangleView.swift */; };
		685D7B752AE53DC400783433 /* LineGraphView.swift in Sources */ = {isa = PBXBuildFile; fileRef = 685D7B742AE53DC400783433 /* LineGraphView.swift */; };
		685D7B772AE53DD700783433 /* BarMinMaxGraphView.swift in Sources */ = {isa = PBXBuildFile; fileRef = 685D7B762AE53DD700783433 /* BarMinMaxGraphView.swift */; };
		685D7B792AE5432C00783433 /* CheckboxToggleStyle.swift in Sources */ = {isa = PBXBuildFile; fileRef = 685D7B782AE5432C00783433 /* CheckboxToggleStyle.swift */; };
		6871CDAA2AF261D5006A4ACB /* AnalyticsDetailView.swift in Sources */ = {isa = PBXBuildFile; fileRef = 6871CDA92AF261D5006A4ACB /* AnalyticsDetailView.swift */; };
		6898F2852AEFD7FC0075A573 /* SprintView.swift in Sources */ = {isa = PBXBuildFile; fileRef = 6898F2842AEFD7FC0075A573 /* SprintView.swift */; };
		68B0732E2AF11847004C723F /* AlertView.swift in Sources */ = {isa = PBXBuildFile; fileRef = 68B0732C2AF11847004C723F /* AlertView.swift */; };
		68FDD5DA2AE60FAA00B8ACB9 /* Color+extension.swift in Sources */ = {isa = PBXBuildFile; fileRef = BE22D6342AE586AA009035C9 /* Color+extension.swift */; };
		68FDD5DD2AE61D6B00B8ACB9 /* SummaryView.swift in Sources */ = {isa = PBXBuildFile; fileRef = 68FDD5DC2AE61D6B00B8ACB9 /* SummaryView.swift */; };
		BE0639D82AE61BC2008D1D4E /* SplitControlsView.swift in Sources */ = {isa = PBXBuildFile; fileRef = BE0639D72AE61BC2008D1D4E /* SplitControlsView.swift */; };
		BE0639DA2AE66D93008D1D4E /* SessionPagingView.swift in Sources */ = {isa = PBXBuildFile; fileRef = BE0639D92AE66D93008D1D4E /* SessionPagingView.swift */; };
		BE22D6352AE586AA009035C9 /* GameProgressView.swift in Sources */ = {isa = PBXBuildFile; fileRef = BE22D6302AE586AA009035C9 /* GameProgressView.swift */; };
		BE22D6362AE586AA009035C9 /* BPMTextView.swift in Sources */ = {isa = PBXBuildFile; fileRef = BE22D6312AE586AA009035C9 /* BPMTextView.swift */; };
		BE22D6372AE586AA009035C9 /* SprintStatusView.swift in Sources */ = {isa = PBXBuildFile; fileRef = BE22D6322AE586AA009035C9 /* SprintStatusView.swift */; };
		BE22D6382AE586AA009035C9 /* Color+extension.swift in Sources */ = {isa = PBXBuildFile; fileRef = BE22D6342AE586AA009035C9 /* Color+extension.swift */; };
		BE22D63B2AE586CA009035C9 /* HeartRateZone.swift in Sources */ = {isa = PBXBuildFile; fileRef = BE22D63A2AE586CA009035C9 /* HeartRateZone.swift */; };
		BE4069992AF0EB3E00FA3030 /* Phrase.json in Resources */ = {isa = PBXBuildFile; fileRef = BE4069962AF0E84300FA3030 /* Phrase.json */; };
		BE40699A2AF0EB3E00FA3030 /* Phrase.json in Resources */ = {isa = PBXBuildFile; fileRef = BE4069962AF0E84300FA3030 /* Phrase.json */; };
		BE40699C2AF0EB7700FA3030 /* Phrase.swift in Sources */ = {isa = PBXBuildFile; fileRef = BE40699B2AF0EB7700FA3030 /* Phrase.swift */; };
		BE40699D2AF0EB7700FA3030 /* Phrase.swift in Sources */ = {isa = PBXBuildFile; fileRef = BE40699B2AF0EB7700FA3030 /* Phrase.swift */; };
		BE40699F2AF0F2F500FA3030 /* Bundle+extension.swift in Sources */ = {isa = PBXBuildFile; fileRef = BE40699E2AF0F2F500FA3030 /* Bundle+extension.swift */; };
		BE4069A02AF0F2F500FA3030 /* Bundle+extension.swift in Sources */ = {isa = PBXBuildFile; fileRef = BE40699E2AF0F2F500FA3030 /* Bundle+extension.swift */; };
		BE4069BE2AF1D22B00FA3030 /* NotoSans-Black.ttf in Resources */ = {isa = PBXBuildFile; fileRef = BE4069BD2AF1D22B00FA3030 /* NotoSans-Black.ttf */; };
		BE4069BF2AF1D22B00FA3030 /* NotoSans-Black.ttf in Resources */ = {isa = PBXBuildFile; fileRef = BE4069BD2AF1D22B00FA3030 /* NotoSans-Black.ttf */; };
		BE4069C72AF1F80D00FA3030 /* SF-Pro-Text-BlackItalic.otf in Resources */ = {isa = PBXBuildFile; fileRef = BE4069C12AF1F80C00FA3030 /* SF-Pro-Text-BlackItalic.otf */; };
		BE4069C82AF1F80D00FA3030 /* SF-Pro-Text-BlackItalic.otf in Resources */ = {isa = PBXBuildFile; fileRef = BE4069C12AF1F80C00FA3030 /* SF-Pro-Text-BlackItalic.otf */; };
		BE4069C92AF1F80D00FA3030 /* SF-Compact-Text-Regular.otf in Resources */ = {isa = PBXBuildFile; fileRef = BE4069C22AF1F80C00FA3030 /* SF-Compact-Text-Regular.otf */; };
		BE4069CA2AF1F80D00FA3030 /* SF-Compact-Text-Regular.otf in Resources */ = {isa = PBXBuildFile; fileRef = BE4069C22AF1F80C00FA3030 /* SF-Compact-Text-Regular.otf */; };
		BE4069CB2AF1F80D00FA3030 /* SF-Compact-Text-Medium.otf in Resources */ = {isa = PBXBuildFile; fileRef = BE4069C32AF1F80C00FA3030 /* SF-Compact-Text-Medium.otf */; };
		BE4069CC2AF1F80D00FA3030 /* SF-Compact-Text-Medium.otf in Resources */ = {isa = PBXBuildFile; fileRef = BE4069C32AF1F80C00FA3030 /* SF-Compact-Text-Medium.otf */; };
		BE4069CD2AF1F80D00FA3030 /* SF-Compact-Text-LightItalic.otf in Resources */ = {isa = PBXBuildFile; fileRef = BE4069C42AF1F80C00FA3030 /* SF-Compact-Text-LightItalic.otf */; };
		BE4069CE2AF1F80D00FA3030 /* SF-Compact-Text-LightItalic.otf in Resources */ = {isa = PBXBuildFile; fileRef = BE4069C42AF1F80C00FA3030 /* SF-Compact-Text-LightItalic.otf */; };
		BE4069CF2AF1F80D00FA3030 /* SF-Compact-Text-SemiboldItalic.otf in Resources */ = {isa = PBXBuildFile; fileRef = BE4069C52AF1F80D00FA3030 /* SF-Compact-Text-SemiboldItalic.otf */; };
		BE4069D02AF1F80D00FA3030 /* SF-Compact-Text-SemiboldItalic.otf in Resources */ = {isa = PBXBuildFile; fileRef = BE4069C52AF1F80D00FA3030 /* SF-Compact-Text-SemiboldItalic.otf */; };
		BE4069D12AF1F80D00FA3030 /* SF-Pro-Text-HeavyItalic.otf in Resources */ = {isa = PBXBuildFile; fileRef = BE4069C62AF1F80D00FA3030 /* SF-Pro-Text-HeavyItalic.otf */; };
		BE4069D22AF1F80D00FA3030 /* SF-Pro-Text-HeavyItalic.otf in Resources */ = {isa = PBXBuildFile; fileRef = BE4069C62AF1F80D00FA3030 /* SF-Pro-Text-HeavyItalic.otf */; };
		BE4069D72AF1F98B00FA3030 /* NotoSans-Regular.ttf in Resources */ = {isa = PBXBuildFile; fileRef = BE4069D62AF1F98B00FA3030 /* NotoSans-Regular.ttf */; };
		BE4069D82AF1F98B00FA3030 /* NotoSans-Regular.ttf in Resources */ = {isa = PBXBuildFile; fileRef = BE4069D62AF1F98B00FA3030 /* NotoSans-Regular.ttf */; };
		BE4069DA2AF1FE0500FA3030 /* NotoSans-BlackItalic.ttf in Resources */ = {isa = PBXBuildFile; fileRef = BE4069D92AF1FE0500FA3030 /* NotoSans-BlackItalic.ttf */; };
		BE4069DB2AF1FE0500FA3030 /* NotoSans-BlackItalic.ttf in Resources */ = {isa = PBXBuildFile; fileRef = BE4069D92AF1FE0500FA3030 /* NotoSans-BlackItalic.ttf */; };
		BE4069E12AF2641800FA3030 /* MatchTotalView.swift in Sources */ = {isa = PBXBuildFile; fileRef = BE4069E02AF2641800FA3030 /* MatchTotalView.swift */; };
		BE4069E22AF279F600FA3030 /* Font+extension.swift in Sources */ = {isa = PBXBuildFile; fileRef = BE4498262AEFF2AC00252561 /* Font+extension.swift */; };
		BE4069E42AF27ADF00FA3030 /* SF-Pro-Text-LightItalic.otf in Resources */ = {isa = PBXBuildFile; fileRef = BE4069E32AF27ADF00FA3030 /* SF-Pro-Text-LightItalic.otf */; };
		BE4069E52AF27ADF00FA3030 /* SF-Pro-Text-LightItalic.otf in Resources */ = {isa = PBXBuildFile; fileRef = BE4069E32AF27ADF00FA3030 /* SF-Pro-Text-LightItalic.otf */; };
		BE4498272AEFF2AC00252561 /* Font+extension.swift in Sources */ = {isa = PBXBuildFile; fileRef = BE4498262AEFF2AC00252561 /* Font+extension.swift */; };
		BEB666C22AE4E16D0090195A /* StartView.swift in Sources */ = {isa = PBXBuildFile; fileRef = BEB666C12AE4E16D0090195A /* StartView.swift */; };
		BEC1E5CE2AE6A254008B285E /* ElapsedTimeView.swift in Sources */ = {isa = PBXBuildFile; fileRef = BEC1E5CD2AE6A254008B285E /* ElapsedTimeView.swift */; };
		BECAE5BF2AE5892A0002EA31 /* ColorExtension.swift in Sources */ = {isa = PBXBuildFile; fileRef = FBCED9262AE3E5EF00C57BF9 /* ColorExtension.swift */; };
		D30F0B4C2AF0F19D002965D6 /* HeatmapView.swift in Sources */ = {isa = PBXBuildFile; fileRef = D30F0B4B2AF0F19D002965D6 /* HeatmapView.swift */; };
		D3C500132AE36F3F00EFAEFF /* SoccerBeatApp.swift in Sources */ = {isa = PBXBuildFile; fileRef = D3C500122AE36F3F00EFAEFF /* SoccerBeatApp.swift */; };
		D3C500152AE36F3F00EFAEFF /* ContentView.swift in Sources */ = {isa = PBXBuildFile; fileRef = D3C500142AE36F3F00EFAEFF /* ContentView.swift */; };
		D3C500172AE36F3F00EFAEFF /* Assets.xcassets in Resources */ = {isa = PBXBuildFile; fileRef = D3C500162AE36F3F00EFAEFF /* Assets.xcassets */; };
		D3C5001A2AE36F3F00EFAEFF /* Preview Assets.xcassets in Resources */ = {isa = PBXBuildFile; fileRef = D3C500192AE36F3F00EFAEFF /* Preview Assets.xcassets */; };
		D3C500202AE36F3F00EFAEFF /* SoccerBeat Watch App.app in Embed Watch Content */ = {isa = PBXBuildFile; fileRef = D3C5001F2AE36F3F00EFAEFF /* SoccerBeat Watch App.app */; settings = {ATTRIBUTES = (RemoveHeadersOnCopy, ); }; };
		D3C500252AE36F3F00EFAEFF /* SoccerBeatApp.swift in Sources */ = {isa = PBXBuildFile; fileRef = D3C500242AE36F3F00EFAEFF /* SoccerBeatApp.swift */; };
		D3C500292AE36F4000EFAEFF /* Assets.xcassets in Resources */ = {isa = PBXBuildFile; fileRef = D3C500282AE36F4000EFAEFF /* Assets.xcassets */; };
		D3C5002C2AE36F4000EFAEFF /* Preview Assets.xcassets in Resources */ = {isa = PBXBuildFile; fileRef = D3C5002B2AE36F4000EFAEFF /* Preview Assets.xcassets */; };
		D3D4F18B2AF256AF006C6B8A /* HealthInteractor.swift in Sources */ = {isa = PBXBuildFile; fileRef = D3D4F1892AF248CE006C6B8A /* HealthInteractor.swift */; };
		D3D4F18D2AF26662006C6B8A /* WorkoutData.swift in Sources */ = {isa = PBXBuildFile; fileRef = D3D4F18C2AF26662006C6B8A /* WorkoutData.swift */; };
		D3E874D42AEE3F2A005DB7C5 /* AppState.swift in Sources */ = {isa = PBXBuildFile; fileRef = D3E874D32AEE3F2A005DB7C5 /* AppState.swift */; };
		FBCED9202AE3D38900C57BF9 /* MyCardView.swift in Sources */ = {isa = PBXBuildFile; fileRef = FBCED91F2AE3D38900C57BF9 /* MyCardView.swift */; };
		FBCED9322AE4218E00C57BF9 /* MatchRecapView.swift in Sources */ = {isa = PBXBuildFile; fileRef = FBCED9312AE4218E00C57BF9 /* MatchRecapView.swift */; };
		FBCED9352AE4A83900C57BF9 /* MatchDetailView.swift in Sources */ = {isa = PBXBuildFile; fileRef = FBCED9342AE4A83900C57BF9 /* MatchDetailView.swift */; };
		FBE203942AF1ED7B000E47FE /* NotoSansDisplay-BlackItalic.ttf in Resources */ = {isa = PBXBuildFile; fileRef = FBE203932AF1ED7B000E47FE /* NotoSansDisplay-BlackItalic.ttf */; };
/* End PBXBuildFile section */

/* Begin PBXContainerItemProxy section */
		D3C500212AE36F3F00EFAEFF /* PBXContainerItemProxy */ = {
			isa = PBXContainerItemProxy;
			containerPortal = D3C500072AE36F3E00EFAEFF /* Project object */;
			proxyType = 1;
			remoteGlobalIDString = D3C5001E2AE36F3F00EFAEFF;
			remoteInfo = "SoccerBeat Watch App";
		};
/* End PBXContainerItemProxy section */

/* Begin PBXCopyFilesBuildPhase section */
		D3C500322AE36F4000EFAEFF /* Embed Watch Content */ = {
			isa = PBXCopyFilesBuildPhase;
			buildActionMask = 2147483647;
			dstPath = "$(CONTENTS_FOLDER_PATH)/Watch";
			dstSubfolderSpec = 16;
			files = (
				D3C500202AE36F3F00EFAEFF /* SoccerBeat Watch App.app in Embed Watch Content */,
			);
			name = "Embed Watch Content";
			runOnlyForDeploymentPostprocessing = 0;
		};
/* End PBXCopyFilesBuildPhase section */

/* Begin PBXFileReference section */
		681297382AE64432000CC957 /* PhraseView.swift */ = {isa = PBXFileReference; lastKnownFileType = sourcecode.swift; path = PhraseView.swift; sourceTree = "<group>"; };
		6812973A2AE648E0000CC957 /* SummaryComponent.swift */ = {isa = PBXFileReference; lastKnownFileType = sourcecode.swift; path = SummaryComponent.swift; sourceTree = "<group>"; };
		6820884B2AF11EB200F51A3E /* PrecountView.swift */ = {isa = PBXFileReference; lastKnownFileType = sourcecode.swift; path = PrecountView.swift; sourceTree = "<group>"; };
		685D7B582AE38D1A00783433 /* .swiftlint.yml */ = {isa = PBXFileReference; lastKnownFileType = text.yaml; path = .swiftlint.yml; sourceTree = "<group>"; };
		685D7B5E2AE3F3D000783433 /* WatchWorkoutManager.swift */ = {isa = PBXFileReference; lastKnownFileType = sourcecode.swift; path = WatchWorkoutManager.swift; sourceTree = "<group>"; };
		685D7B602AE3F3E700783433 /* SoccerBeat Watch App.entitlements */ = {isa = PBXFileReference; lastKnownFileType = text.plist.entitlements; path = "SoccerBeat Watch App.entitlements"; sourceTree = "<group>"; };
		685D7B642AE529E800783433 /* AnalyticsView.swift */ = {isa = PBXFileReference; lastKnownFileType = sourcecode.swift; path = AnalyticsView.swift; sourceTree = "<group>"; };
		685D7B672AE52A2900783433 /* Data.swift */ = {isa = PBXFileReference; lastKnownFileType = sourcecode.swift; path = Data.swift; sourceTree = "<group>"; };
		685D7B6D2AE5396200783433 /* LightRectangleView.swift */ = {isa = PBXFileReference; lastKnownFileType = sourcecode.swift; path = LightRectangleView.swift; sourceTree = "<group>"; };
		685D7B742AE53DC400783433 /* LineGraphView.swift */ = {isa = PBXFileReference; lastKnownFileType = sourcecode.swift; path = LineGraphView.swift; sourceTree = "<group>"; };
		685D7B762AE53DD700783433 /* BarMinMaxGraphView.swift */ = {isa = PBXFileReference; lastKnownFileType = sourcecode.swift; path = BarMinMaxGraphView.swift; sourceTree = "<group>"; };
		685D7B782AE5432C00783433 /* CheckboxToggleStyle.swift */ = {isa = PBXFileReference; lastKnownFileType = sourcecode.swift; path = CheckboxToggleStyle.swift; sourceTree = "<group>"; };
		6871CDA92AF261D5006A4ACB /* AnalyticsDetailView.swift */ = {isa = PBXFileReference; lastKnownFileType = sourcecode.swift; path = AnalyticsDetailView.swift; sourceTree = "<group>"; };
		6898F2842AEFD7FC0075A573 /* SprintView.swift */ = {isa = PBXFileReference; lastKnownFileType = sourcecode.swift; path = SprintView.swift; sourceTree = "<group>"; };
		68B0732C2AF11847004C723F /* AlertView.swift */ = {isa = PBXFileReference; lastKnownFileType = sourcecode.swift; path = AlertView.swift; sourceTree = "<group>"; };
		68FDD5DC2AE61D6B00B8ACB9 /* SummaryView.swift */ = {isa = PBXFileReference; lastKnownFileType = sourcecode.swift; path = SummaryView.swift; sourceTree = "<group>"; };
		BE0639D72AE61BC2008D1D4E /* SplitControlsView.swift */ = {isa = PBXFileReference; lastKnownFileType = sourcecode.swift; path = SplitControlsView.swift; sourceTree = "<group>"; };
		BE0639D92AE66D93008D1D4E /* SessionPagingView.swift */ = {isa = PBXFileReference; lastKnownFileType = sourcecode.swift; path = SessionPagingView.swift; sourceTree = "<group>"; };
		BE22D6302AE586AA009035C9 /* GameProgressView.swift */ = {isa = PBXFileReference; fileEncoding = 4; lastKnownFileType = sourcecode.swift; path = GameProgressView.swift; sourceTree = "<group>"; };
		BE22D6312AE586AA009035C9 /* BPMTextView.swift */ = {isa = PBXFileReference; fileEncoding = 4; lastKnownFileType = sourcecode.swift; path = BPMTextView.swift; sourceTree = "<group>"; };
		BE22D6322AE586AA009035C9 /* SprintStatusView.swift */ = {isa = PBXFileReference; fileEncoding = 4; lastKnownFileType = sourcecode.swift; path = SprintStatusView.swift; sourceTree = "<group>"; };
		BE22D6342AE586AA009035C9 /* Color+extension.swift */ = {isa = PBXFileReference; fileEncoding = 4; lastKnownFileType = sourcecode.swift; path = "Color+extension.swift"; sourceTree = "<group>"; };
		BE22D63A2AE586CA009035C9 /* HeartRateZone.swift */ = {isa = PBXFileReference; fileEncoding = 4; lastKnownFileType = sourcecode.swift; path = HeartRateZone.swift; sourceTree = "<group>"; };
		BE4069972AF0E84800FA3030 /* Base */ = {isa = PBXFileReference; lastKnownFileType = text.json; name = Base; path = Base.lproj/Phrase.json; sourceTree = "<group>"; };
		BE4069982AF0E8AC00FA3030 /* en */ = {isa = PBXFileReference; lastKnownFileType = text.json; name = en; path = en.lproj/Phrase.json; sourceTree = "<group>"; };
		BE40699B2AF0EB7700FA3030 /* Phrase.swift */ = {isa = PBXFileReference; lastKnownFileType = sourcecode.swift; path = Phrase.swift; sourceTree = "<group>"; };
		BE40699E2AF0F2F500FA3030 /* Bundle+extension.swift */ = {isa = PBXFileReference; lastKnownFileType = sourcecode.swift; path = "Bundle+extension.swift"; sourceTree = "<group>"; };
		BE4069BD2AF1D22B00FA3030 /* NotoSans-Black.ttf */ = {isa = PBXFileReference; lastKnownFileType = file; path = "NotoSans-Black.ttf"; sourceTree = "<group>"; };
		BE4069C12AF1F80C00FA3030 /* SF-Pro-Text-BlackItalic.otf */ = {isa = PBXFileReference; lastKnownFileType = file; path = "SF-Pro-Text-BlackItalic.otf"; sourceTree = "<group>"; };
		BE4069C22AF1F80C00FA3030 /* SF-Compact-Text-Regular.otf */ = {isa = PBXFileReference; lastKnownFileType = file; path = "SF-Compact-Text-Regular.otf"; sourceTree = "<group>"; };
		BE4069C32AF1F80C00FA3030 /* SF-Compact-Text-Medium.otf */ = {isa = PBXFileReference; lastKnownFileType = file; path = "SF-Compact-Text-Medium.otf"; sourceTree = "<group>"; };
		BE4069C42AF1F80C00FA3030 /* SF-Compact-Text-LightItalic.otf */ = {isa = PBXFileReference; lastKnownFileType = file; path = "SF-Compact-Text-LightItalic.otf"; sourceTree = "<group>"; };
		BE4069C52AF1F80D00FA3030 /* SF-Compact-Text-SemiboldItalic.otf */ = {isa = PBXFileReference; lastKnownFileType = file; path = "SF-Compact-Text-SemiboldItalic.otf"; sourceTree = "<group>"; };
		BE4069C62AF1F80D00FA3030 /* SF-Pro-Text-HeavyItalic.otf */ = {isa = PBXFileReference; lastKnownFileType = file; path = "SF-Pro-Text-HeavyItalic.otf"; sourceTree = "<group>"; };
		BE4069D62AF1F98B00FA3030 /* NotoSans-Regular.ttf */ = {isa = PBXFileReference; lastKnownFileType = file; path = "NotoSans-Regular.ttf"; sourceTree = "<group>"; };
		BE4069D92AF1FE0500FA3030 /* NotoSans-BlackItalic.ttf */ = {isa = PBXFileReference; lastKnownFileType = file; path = "NotoSans-BlackItalic.ttf"; sourceTree = "<group>"; };
		BE4069E02AF2641800FA3030 /* MatchTotalView.swift */ = {isa = PBXFileReference; lastKnownFileType = sourcecode.swift; path = MatchTotalView.swift; sourceTree = "<group>"; };
		BE4069E32AF27ADF00FA3030 /* SF-Pro-Text-LightItalic.otf */ = {isa = PBXFileReference; lastKnownFileType = file; path = "SF-Pro-Text-LightItalic.otf"; sourceTree = "<group>"; };
		BE4498262AEFF2AC00252561 /* Font+extension.swift */ = {isa = PBXFileReference; lastKnownFileType = sourcecode.swift; path = "Font+extension.swift"; sourceTree = "<group>"; };
		BEB666C12AE4E16D0090195A /* StartView.swift */ = {isa = PBXFileReference; lastKnownFileType = sourcecode.swift; path = StartView.swift; sourceTree = "<group>"; };
		BEC1E5CD2AE6A254008B285E /* ElapsedTimeView.swift */ = {isa = PBXFileReference; lastKnownFileType = sourcecode.swift; path = ElapsedTimeView.swift; sourceTree = "<group>"; };
		BEC1E5CF2AE6B4AF008B285E /* SoccerBeat-Watch-App-Info.plist */ = {isa = PBXFileReference; lastKnownFileType = text.plist; path = "SoccerBeat-Watch-App-Info.plist"; sourceTree = SOURCE_ROOT; };
		D30F0B4B2AF0F19D002965D6 /* HeatmapView.swift */ = {isa = PBXFileReference; lastKnownFileType = sourcecode.swift; path = HeatmapView.swift; sourceTree = "<group>"; };
		D3C5000F2AE36F3F00EFAEFF /* SoccerBeat.app */ = {isa = PBXFileReference; explicitFileType = wrapper.application; includeInIndex = 0; path = SoccerBeat.app; sourceTree = BUILT_PRODUCTS_DIR; };
		D3C500122AE36F3F00EFAEFF /* SoccerBeatApp.swift */ = {isa = PBXFileReference; lastKnownFileType = sourcecode.swift; path = SoccerBeatApp.swift; sourceTree = "<group>"; };
		D3C500142AE36F3F00EFAEFF /* ContentView.swift */ = {isa = PBXFileReference; lastKnownFileType = sourcecode.swift; path = ContentView.swift; sourceTree = "<group>"; };
		D3C500162AE36F3F00EFAEFF /* Assets.xcassets */ = {isa = PBXFileReference; lastKnownFileType = folder.assetcatalog; path = Assets.xcassets; sourceTree = "<group>"; };
		D3C500192AE36F3F00EFAEFF /* Preview Assets.xcassets */ = {isa = PBXFileReference; lastKnownFileType = folder.assetcatalog; path = "Preview Assets.xcassets"; sourceTree = "<group>"; };
		D3C5001F2AE36F3F00EFAEFF /* SoccerBeat Watch App.app */ = {isa = PBXFileReference; explicitFileType = wrapper.application; includeInIndex = 0; path = "SoccerBeat Watch App.app"; sourceTree = BUILT_PRODUCTS_DIR; };
		D3C500242AE36F3F00EFAEFF /* SoccerBeatApp.swift */ = {isa = PBXFileReference; lastKnownFileType = sourcecode.swift; path = SoccerBeatApp.swift; sourceTree = "<group>"; };
		D3C500282AE36F4000EFAEFF /* Assets.xcassets */ = {isa = PBXFileReference; lastKnownFileType = folder.assetcatalog; path = Assets.xcassets; sourceTree = "<group>"; };
		D3C5002B2AE36F4000EFAEFF /* Preview Assets.xcassets */ = {isa = PBXFileReference; lastKnownFileType = folder.assetcatalog; path = "Preview Assets.xcassets"; sourceTree = "<group>"; };
		D3D4F1892AF248CE006C6B8A /* HealthInteractor.swift */ = {isa = PBXFileReference; lastKnownFileType = sourcecode.swift; path = HealthInteractor.swift; sourceTree = "<group>"; };
		D3D4F18C2AF26662006C6B8A /* WorkoutData.swift */ = {isa = PBXFileReference; lastKnownFileType = sourcecode.swift; path = WorkoutData.swift; sourceTree = "<group>"; };
		D3D7D1262AF23CA000B89196 /* SoccerBeat.entitlements */ = {isa = PBXFileReference; lastKnownFileType = text.plist.entitlements; path = SoccerBeat.entitlements; sourceTree = "<group>"; };
		D3E874D32AEE3F2A005DB7C5 /* AppState.swift */ = {isa = PBXFileReference; lastKnownFileType = sourcecode.swift; path = AppState.swift; sourceTree = "<group>"; };
		FBCED91F2AE3D38900C57BF9 /* MyCardView.swift */ = {isa = PBXFileReference; lastKnownFileType = sourcecode.swift; path = MyCardView.swift; sourceTree = "<group>"; };
		FBCED9252AE3DF5900C57BF9 /* Info.plist */ = {isa = PBXFileReference; lastKnownFileType = text.plist.xml; path = Info.plist; sourceTree = "<group>"; };
		FBCED9262AE3E5EF00C57BF9 /* ColorExtension.swift */ = {isa = PBXFileReference; lastKnownFileType = sourcecode.swift; path = ColorExtension.swift; sourceTree = "<group>"; };
		FBCED9312AE4218E00C57BF9 /* MatchRecapView.swift */ = {isa = PBXFileReference; lastKnownFileType = sourcecode.swift; path = MatchRecapView.swift; sourceTree = "<group>"; };
		FBCED9342AE4A83900C57BF9 /* MatchDetailView.swift */ = {isa = PBXFileReference; lastKnownFileType = sourcecode.swift; path = MatchDetailView.swift; sourceTree = "<group>"; };
		FBE203932AF1ED7B000E47FE /* NotoSansDisplay-BlackItalic.ttf */ = {isa = PBXFileReference; lastKnownFileType = file; path = "NotoSansDisplay-BlackItalic.ttf"; sourceTree = "<group>"; };
/* End PBXFileReference section */

/* Begin PBXFrameworksBuildPhase section */
		D3C5000C2AE36F3F00EFAEFF /* Frameworks */ = {
			isa = PBXFrameworksBuildPhase;
			buildActionMask = 2147483647;
			files = (
			);
			runOnlyForDeploymentPostprocessing = 0;
		};
		D3C5001C2AE36F3F00EFAEFF /* Frameworks */ = {
			isa = PBXFrameworksBuildPhase;
			buildActionMask = 2147483647;
			files = (
			);
			runOnlyForDeploymentPostprocessing = 0;
		};
/* End PBXFrameworksBuildPhase section */

/* Begin PBXGroup section */
		685D7B5D2AE3F3BD00783433 /* WorkoutManager */ = {
			isa = PBXGroup;
			children = (
				685D7B5E2AE3F3D000783433 /* WatchWorkoutManager.swift */,
			);
			path = WorkoutManager;
			sourceTree = "<group>";
		};
		685D7B662AE52A2100783433 /* Resources */ = {
			isa = PBXGroup;
			children = (
				D3C500162AE36F3F00EFAEFF /* Assets.xcassets */,
				685D7B672AE52A2900783433 /* Data.swift */,
				D3D4F18C2AF26662006C6B8A /* WorkoutData.swift */,
			);
			path = Resources;
			sourceTree = "<group>";
		};
		685D7B702AE53D7E00783433 /* UI */ = {
			isa = PBXGroup;
			children = (
				685D7B782AE5432C00783433 /* CheckboxToggleStyle.swift */,
				685D7B6D2AE5396200783433 /* LightRectangleView.swift */,
				FBCED9262AE3E5EF00C57BF9 /* ColorExtension.swift */,
				D30F0B4B2AF0F19D002965D6 /* HeatmapView.swift */,
				685D7B712AE53D8400783433 /* Screens */,
			);
			path = UI;
			sourceTree = "<group>";
		};
		685D7B712AE53D8400783433 /* Screens */ = {
			isa = PBXGroup;
			children = (
				FBCED9312AE4218E00C57BF9 /* MatchRecapView.swift */,
				FBCED9342AE4A83900C57BF9 /* MatchDetailView.swift */,
				BE4069E02AF2641800FA3030 /* MatchTotalView.swift */,
				FBCED91F2AE3D38900C57BF9 /* MyCardView.swift */,
				D3C500142AE36F3F00EFAEFF /* ContentView.swift */,
				685D7B642AE529E800783433 /* AnalyticsView.swift */,
				6871CDA92AF261D5006A4ACB /* AnalyticsDetailView.swift */,
				685D7B742AE53DC400783433 /* LineGraphView.swift */,
				685D7B762AE53DD700783433 /* BarMinMaxGraphView.swift */,
			);
			path = Screens;
			sourceTree = "<group>";
		};
		BE22D62F2AE586AA009035C9 /* Progress */ = {
			isa = PBXGroup;
			children = (
				BE22D6302AE586AA009035C9 /* GameProgressView.swift */,
				BE22D6312AE586AA009035C9 /* BPMTextView.swift */,
				BEC1E5CD2AE6A254008B285E /* ElapsedTimeView.swift */,
				BE22D6322AE586AA009035C9 /* SprintStatusView.swift */,
			);
			path = Progress;
			sourceTree = "<group>";
		};
		BE22D6332AE586AA009035C9 /* Utiles */ = {
			isa = PBXGroup;
			children = (
				BE4069DF2AF2139B00FA3030 /* Extension */,
			);
			path = Utiles;
			sourceTree = "<group>";
		};
		BE22D6392AE586CA009035C9 /* Model */ = {
			isa = PBXGroup;
			children = (
				BE22D63A2AE586CA009035C9 /* HeartRateZone.swift */,
				BE4069962AF0E84300FA3030 /* Phrase.json */,
				BE40699B2AF0EB7700FA3030 /* Phrase.swift */,
			);
			path = Model;
			sourceTree = "<group>";
		};
		BE4069DC2AF212B500FA3030 /* Share */ = {
			isa = PBXGroup;
			children = (
				BE22D6332AE586AA009035C9 /* Utiles */,
				FBCED9212AE3DAC700C57BF9 /* Fonts */,
			);
			path = Share;
			sourceTree = "<group>";
		};
		BE4069DF2AF2139B00FA3030 /* Extension */ = {
			isa = PBXGroup;
			children = (
				BE22D6342AE586AA009035C9 /* Color+extension.swift */,
				BE4498262AEFF2AC00252561 /* Font+extension.swift */,
				BE40699E2AF0F2F500FA3030 /* Bundle+extension.swift */,
			);
			name = Extension;
			sourceTree = "<group>";
		};
		BEB666BE2AE4E13E0090195A /* View */ = {
			isa = PBXGroup;
			children = (
				BE22D62F2AE586AA009035C9 /* Progress */,
				68FDD5DC2AE61D6B00B8ACB9 /* SummaryView.swift */,
				681297382AE64432000CC957 /* PhraseView.swift */,
				6812973A2AE648E0000CC957 /* SummaryComponent.swift */,
				BEB666BF2AE4E14B0090195A /* StartPauseControll */,
				6898F2842AEFD7FC0075A573 /* SprintView.swift */,
				68B0732C2AF11847004C723F /* AlertView.swift */,
				6820884B2AF11EB200F51A3E /* PrecountView.swift */,
			);
			path = View;
			sourceTree = "<group>";
		};
		BEB666BF2AE4E14B0090195A /* StartPauseControll */ = {
			isa = PBXGroup;
			children = (
				BEB666C12AE4E16D0090195A /* StartView.swift */,
				BE0639D72AE61BC2008D1D4E /* SplitControlsView.swift */,
				BE0639D92AE66D93008D1D4E /* SessionPagingView.swift */,
			);
			path = StartPauseControll;
			sourceTree = "<group>";
		};
		D3C500062AE36F3E00EFAEFF = {
			isa = PBXGroup;
			children = (
				BE4069DC2AF212B500FA3030 /* Share */,
				D3C500112AE36F3F00EFAEFF /* SoccerBeat */,
				D3C500232AE36F3F00EFAEFF /* SoccerBeat Watch App */,
				685D7B582AE38D1A00783433 /* .swiftlint.yml */,
				D3C500102AE36F3F00EFAEFF /* Products */,
			);
			sourceTree = "<group>";
		};
		D3C500102AE36F3F00EFAEFF /* Products */ = {
			isa = PBXGroup;
			children = (
				D3C5000F2AE36F3F00EFAEFF /* SoccerBeat.app */,
				D3C5001F2AE36F3F00EFAEFF /* SoccerBeat Watch App.app */,
			);
			name = Products;
			sourceTree = "<group>";
		};
		D3C500112AE36F3F00EFAEFF /* SoccerBeat */ = {
			isa = PBXGroup;
			children = (
				685D7B702AE53D7E00783433 /* UI */,
				D3E874D22AEE3EC1005DB7C5 /* Injected */,
				D3D4F1882AF248C2006C6B8A /* Interactors */,
				685D7B662AE52A2100783433 /* Resources */,
				D3C500182AE36F3F00EFAEFF /* Preview Content */,
				D3C500122AE36F3F00EFAEFF /* SoccerBeatApp.swift */,
				D3D7D1262AF23CA000B89196 /* SoccerBeat.entitlements */,
				FBCED9252AE3DF5900C57BF9 /* Info.plist */,
			);
			path = SoccerBeat;
			sourceTree = "<group>";
		};
		D3C500182AE36F3F00EFAEFF /* Preview Content */ = {
			isa = PBXGroup;
			children = (
				D3C500192AE36F3F00EFAEFF /* Preview Assets.xcassets */,
			);
			path = "Preview Content";
			sourceTree = "<group>";
		};
		D3C500232AE36F3F00EFAEFF /* SoccerBeat Watch App */ = {
			isa = PBXGroup;
			children = (
				BEC1E5CF2AE6B4AF008B285E /* SoccerBeat-Watch-App-Info.plist */,
				685D7B602AE3F3E700783433 /* SoccerBeat Watch App.entitlements */,
				BE22D6392AE586CA009035C9 /* Model */,
				BEB666BE2AE4E13E0090195A /* View */,
				685D7B5D2AE3F3BD00783433 /* WorkoutManager */,
				D3C500242AE36F3F00EFAEFF /* SoccerBeatApp.swift */,
				D3C500282AE36F4000EFAEFF /* Assets.xcassets */,
				D3C5002A2AE36F4000EFAEFF /* Preview Content */,
			);
			path = "SoccerBeat Watch App";
			sourceTree = "<group>";
		};
		D3C5002A2AE36F4000EFAEFF /* Preview Content */ = {
			isa = PBXGroup;
			children = (
				D3C5002B2AE36F4000EFAEFF /* Preview Assets.xcassets */,
			);
			path = "Preview Content";
			sourceTree = "<group>";
		};
		D3D4F1882AF248C2006C6B8A /* Interactors */ = {
			isa = PBXGroup;
			children = (
				D3D4F1892AF248CE006C6B8A /* HealthInteractor.swift */,
			);
			path = Interactors;
			sourceTree = "<group>";
		};
		D3E874D22AEE3EC1005DB7C5 /* Injected */ = {
			isa = PBXGroup;
			children = (
				D3E874D32AEE3F2A005DB7C5 /* AppState.swift */,
			);
			path = Injected;
			sourceTree = "<group>";
		};
		FBCED9212AE3DAC700C57BF9 /* Fonts */ = {
			isa = PBXGroup;
			children = (
				FBE203932AF1ED7B000E47FE /* NotoSansDisplay-BlackItalic.ttf */,
				BE4069BD2AF1D22B00FA3030 /* NotoSans-Black.ttf */,
				BE4069D92AF1FE0500FA3030 /* NotoSans-BlackItalic.ttf */,
				BE4069D62AF1F98B00FA3030 /* NotoSans-Regular.ttf */,
				BE4069C42AF1F80C00FA3030 /* SF-Compact-Text-LightItalic.otf */,
				BE4069C32AF1F80C00FA3030 /* SF-Compact-Text-Medium.otf */,
				BE4069C22AF1F80C00FA3030 /* SF-Compact-Text-Regular.otf */,
				BE4069C52AF1F80D00FA3030 /* SF-Compact-Text-SemiboldItalic.otf */,
				BE4069C12AF1F80C00FA3030 /* SF-Pro-Text-BlackItalic.otf */,
				BE4069C62AF1F80D00FA3030 /* SF-Pro-Text-HeavyItalic.otf */,
				BE4069E32AF27ADF00FA3030 /* SF-Pro-Text-LightItalic.otf */,
			);
			path = Fonts;
			sourceTree = "<group>";
		};
/* End PBXGroup section */

/* Begin PBXNativeTarget section */
		D3C5000E2AE36F3F00EFAEFF /* SoccerBeat */ = {
			isa = PBXNativeTarget;
			buildConfigurationList = D3C500332AE36F4000EFAEFF /* Build configuration list for PBXNativeTarget "SoccerBeat" */;
			buildPhases = (
				685D7B562AE38CCC00783433 /* ShellScript */,
				D3C5000B2AE36F3F00EFAEFF /* Sources */,
				D3C5000C2AE36F3F00EFAEFF /* Frameworks */,
				D3C5000D2AE36F3F00EFAEFF /* Resources */,
				D3C500322AE36F4000EFAEFF /* Embed Watch Content */,
			);
			buildRules = (
			);
			dependencies = (
				D3C500222AE36F3F00EFAEFF /* PBXTargetDependency */,
			);
			name = SoccerBeat;
			productName = SoccerBeat;
			productReference = D3C5000F2AE36F3F00EFAEFF /* SoccerBeat.app */;
			productType = "com.apple.product-type.application";
		};
		D3C5001E2AE36F3F00EFAEFF /* SoccerBeat Watch App */ = {
			isa = PBXNativeTarget;
			buildConfigurationList = D3C5002F2AE36F4000EFAEFF /* Build configuration list for PBXNativeTarget "SoccerBeat Watch App" */;
			buildPhases = (
				685D7B572AE38CD000783433 /* ShellScript */,
				D3C5001B2AE36F3F00EFAEFF /* Sources */,
				D3C5001C2AE36F3F00EFAEFF /* Frameworks */,
				D3C5001D2AE36F3F00EFAEFF /* Resources */,
			);
			buildRules = (
			);
			dependencies = (
			);
			name = "SoccerBeat Watch App";
			productName = "SoccerBeat Watch App";
			productReference = D3C5001F2AE36F3F00EFAEFF /* SoccerBeat Watch App.app */;
			productType = "com.apple.product-type.application";
		};
/* End PBXNativeTarget section */

/* Begin PBXProject section */
		D3C500072AE36F3E00EFAEFF /* Project object */ = {
			isa = PBXProject;
			attributes = {
				BuildIndependentTargetsInParallel = 1;
				LastSwiftUpdateCheck = 1500;
				LastUpgradeCheck = 1500;
				TargetAttributes = {
					D3C5000E2AE36F3F00EFAEFF = {
						CreatedOnToolsVersion = 15.0;
					};
					D3C5001E2AE36F3F00EFAEFF = {
						CreatedOnToolsVersion = 15.0;
					};
				};
			};
			buildConfigurationList = D3C5000A2AE36F3E00EFAEFF /* Build configuration list for PBXProject "SoccerBeat" */;
			compatibilityVersion = "Xcode 14.0";
			developmentRegion = en;
			hasScannedForEncodings = 0;
			knownRegions = (
				en,
				Base,
				ko,
			);
			mainGroup = D3C500062AE36F3E00EFAEFF;
			productRefGroup = D3C500102AE36F3F00EFAEFF /* Products */;
			projectDirPath = "";
			projectRoot = "";
			targets = (
				D3C5000E2AE36F3F00EFAEFF /* SoccerBeat */,
				D3C5001E2AE36F3F00EFAEFF /* SoccerBeat Watch App */,
			);
		};
/* End PBXProject section */

/* Begin PBXResourcesBuildPhase section */
		D3C5000D2AE36F3F00EFAEFF /* Resources */ = {
			isa = PBXResourcesBuildPhase;
			buildActionMask = 2147483647;
			files = (
				FBE203942AF1ED7B000E47FE /* NotoSansDisplay-BlackItalic.ttf in Resources */,
				685D7B592AE38D1A00783433 /* .swiftlint.yml in Resources */,
				BE4069D72AF1F98B00FA3030 /* NotoSans-Regular.ttf in Resources */,
				BE4069E42AF27ADF00FA3030 /* SF-Pro-Text-LightItalic.otf in Resources */,
				BE4069BE2AF1D22B00FA3030 /* NotoSans-Black.ttf in Resources */,
				BE4069CF2AF1F80D00FA3030 /* SF-Compact-Text-SemiboldItalic.otf in Resources */,
				D3C5001A2AE36F3F00EFAEFF /* Preview Assets.xcassets in Resources */,
				BE4069D12AF1F80D00FA3030 /* SF-Pro-Text-HeavyItalic.otf in Resources */,
				BE4069C72AF1F80D00FA3030 /* SF-Pro-Text-BlackItalic.otf in Resources */,
				BE4069CD2AF1F80D00FA3030 /* SF-Compact-Text-LightItalic.otf in Resources */,
				BE4069C92AF1F80D00FA3030 /* SF-Compact-Text-Regular.otf in Resources */,
				D3C500172AE36F3F00EFAEFF /* Assets.xcassets in Resources */,
				BE4069CB2AF1F80D00FA3030 /* SF-Compact-Text-Medium.otf in Resources */,
				BE40699A2AF0EB3E00FA3030 /* Phrase.json in Resources */,
				BE4069DA2AF1FE0500FA3030 /* NotoSans-BlackItalic.ttf in Resources */,
			);
			runOnlyForDeploymentPostprocessing = 0;
		};
		D3C5001D2AE36F3F00EFAEFF /* Resources */ = {
			isa = PBXResourcesBuildPhase;
			buildActionMask = 2147483647;
			files = (
				685D7B5A2AE38D1A00783433 /* .swiftlint.yml in Resources */,
				BE4069D82AF1F98B00FA3030 /* NotoSans-Regular.ttf in Resources */,
				BE4069E52AF27ADF00FA3030 /* SF-Pro-Text-LightItalic.otf in Resources */,
				BE4069BF2AF1D22B00FA3030 /* NotoSans-Black.ttf in Resources */,
				BE4069D02AF1F80D00FA3030 /* SF-Compact-Text-SemiboldItalic.otf in Resources */,
				D3C5002C2AE36F4000EFAEFF /* Preview Assets.xcassets in Resources */,
				BE4069D22AF1F80D00FA3030 /* SF-Pro-Text-HeavyItalic.otf in Resources */,
				BE4069C82AF1F80D00FA3030 /* SF-Pro-Text-BlackItalic.otf in Resources */,
				BE4069CE2AF1F80D00FA3030 /* SF-Compact-Text-LightItalic.otf in Resources */,
				BE4069CA2AF1F80D00FA3030 /* SF-Compact-Text-Regular.otf in Resources */,
				D3C500292AE36F4000EFAEFF /* Assets.xcassets in Resources */,
				BE4069CC2AF1F80D00FA3030 /* SF-Compact-Text-Medium.otf in Resources */,
				BE4069992AF0EB3E00FA3030 /* Phrase.json in Resources */,
				BE4069DB2AF1FE0500FA3030 /* NotoSans-BlackItalic.ttf in Resources */,
			);
			runOnlyForDeploymentPostprocessing = 0;
		};
/* End PBXResourcesBuildPhase section */

/* Begin PBXShellScriptBuildPhase section */
		685D7B562AE38CCC00783433 /* ShellScript */ = {
			isa = PBXShellScriptBuildPhase;
			alwaysOutOfDate = 1;
			buildActionMask = 2147483647;
			files = (
			);
			inputFileListPaths = (
			);
			inputPaths = (
			);
			outputFileListPaths = (
			);
			outputPaths = (
			);
			runOnlyForDeploymentPostprocessing = 0;
			shellPath = /bin/sh;
			shellScript = "export PATH=\"$PATH:/opt/homebrew/bin\"\nif which swiftlint > /dev/null; then\nswiftlint\nelse\necho \"warning: SwiftLint not                installed, download from https://github.com/realm/SwiftLint\"\nfi\n";
		};
		685D7B572AE38CD000783433 /* ShellScript */ = {
			isa = PBXShellScriptBuildPhase;
			alwaysOutOfDate = 1;
			buildActionMask = 2147483647;
			files = (
			);
			inputFileListPaths = (
			);
			inputPaths = (
			);
			outputFileListPaths = (
			);
			outputPaths = (
			);
			runOnlyForDeploymentPostprocessing = 0;
			shellPath = /bin/sh;
			shellScript = "cd \"${CONFIGURATION_BUILD_DIR}/${UNLOCALIZED_RESOURCES_FOLDER_PATH}/\"\nif [[ -d \"Frameworks\" ]]; then \n    rm -fr Frameworks\nfi\n";
		};
/* End PBXShellScriptBuildPhase section */

/* Begin PBXSourcesBuildPhase section */
		D3C5000B2AE36F3F00EFAEFF /* Sources */ = {
			isa = PBXSourcesBuildPhase;
			buildActionMask = 2147483647;
			files = (
				D3D4F18B2AF256AF006C6B8A /* HealthInteractor.swift in Sources */,
				BECAE5BF2AE5892A0002EA31 /* ColorExtension.swift in Sources */,
				68FDD5DA2AE60FAA00B8ACB9 /* Color+extension.swift in Sources */,
				FBCED9202AE3D38900C57BF9 /* MyCardView.swift in Sources */,
				BE40699F2AF0F2F500FA3030 /* Bundle+extension.swift in Sources */,
				FBCED9352AE4A83900C57BF9 /* MatchDetailView.swift in Sources */,
				D3C500152AE36F3F00EFAEFF /* ContentView.swift in Sources */,
				D3C500132AE36F3F00EFAEFF /* SoccerBeatApp.swift in Sources */,
				FBCED9322AE4218E00C57BF9 /* MatchRecapView.swift in Sources */,
				6871CDAA2AF261D5006A4ACB /* AnalyticsDetailView.swift in Sources */,
				685D7B682AE52A2900783433 /* Data.swift in Sources */,
				BE40699C2AF0EB7700FA3030 /* Phrase.swift in Sources */,
				685D7B6E2AE5396200783433 /* LightRectangleView.swift in Sources */,
				D3E874D42AEE3F2A005DB7C5 /* AppState.swift in Sources */,
				685D7B772AE53DD700783433 /* BarMinMaxGraphView.swift in Sources */,
				BE4069E22AF279F600FA3030 /* Font+extension.swift in Sources */,
				D30F0B4C2AF0F19D002965D6 /* HeatmapView.swift in Sources */,
				685D7B752AE53DC400783433 /* LineGraphView.swift in Sources */,
				D3D4F18D2AF26662006C6B8A /* WorkoutData.swift in Sources */,
				685D7B652AE529E800783433 /* AnalyticsView.swift in Sources */,
				685D7B792AE5432C00783433 /* CheckboxToggleStyle.swift in Sources */,
				BE4069E12AF2641800FA3030 /* MatchTotalView.swift in Sources */,
			);
			runOnlyForDeploymentPostprocessing = 0;
		};
		D3C5001B2AE36F3F00EFAEFF /* Sources */ = {
			isa = PBXSourcesBuildPhase;
			buildActionMask = 2147483647;
			files = (
				BE0639DA2AE66D93008D1D4E /* SessionPagingView.swift in Sources */,
				BE22D63B2AE586CA009035C9 /* HeartRateZone.swift in Sources */,
				685D7B5F2AE3F3D000783433 /* WatchWorkoutManager.swift in Sources */,
				BE22D6372AE586AA009035C9 /* SprintStatusView.swift in Sources */,
				BE0639D82AE61BC2008D1D4E /* SplitControlsView.swift in Sources */,
				BE22D6362AE586AA009035C9 /* BPMTextView.swift in Sources */,
				6898F2852AEFD7FC0075A573 /* SprintView.swift in Sources */,
				6820884C2AF11EB200F51A3E /* PrecountView.swift in Sources */,
				BE22D6382AE586AA009035C9 /* Color+extension.swift in Sources */,
				BEC1E5CE2AE6A254008B285E /* ElapsedTimeView.swift in Sources */,
				BE40699D2AF0EB7700FA3030 /* Phrase.swift in Sources */,
				681297392AE64432000CC957 /* PhraseView.swift in Sources */,
				BE22D6352AE586AA009035C9 /* GameProgressView.swift in Sources */,
				68B0732E2AF11847004C723F /* AlertView.swift in Sources */,
				D3C500252AE36F3F00EFAEFF /* SoccerBeatApp.swift in Sources */,
				685D7B5F2AE3F3D000783433 /* WatchWorkoutManager.swift in Sources */,
				BEB666C22AE4E16D0090195A /* StartView.swift in Sources */,
				BE4069A02AF0F2F500FA3030 /* Bundle+extension.swift in Sources */,
				68FDD5DD2AE61D6B00B8ACB9 /* SummaryView.swift in Sources */,
				BE4498272AEFF2AC00252561 /* Font+extension.swift in Sources */,
				6812973B2AE648E0000CC957 /* SummaryComponent.swift in Sources */,
			);
			runOnlyForDeploymentPostprocessing = 0;
		};
/* End PBXSourcesBuildPhase section */

/* Begin PBXTargetDependency section */
		D3C500222AE36F3F00EFAEFF /* PBXTargetDependency */ = {
			isa = PBXTargetDependency;
			target = D3C5001E2AE36F3F00EFAEFF /* SoccerBeat Watch App */;
			targetProxy = D3C500212AE36F3F00EFAEFF /* PBXContainerItemProxy */;
		};
/* End PBXTargetDependency section */

/* Begin PBXVariantGroup section */
		BE4069962AF0E84300FA3030 /* Phrase.json */ = {
			isa = PBXVariantGroup;
			children = (
				BE4069972AF0E84800FA3030 /* Base */,
				BE4069982AF0E8AC00FA3030 /* en */,
			);
			name = Phrase.json;
			sourceTree = "<group>";
		};
/* End PBXVariantGroup section */

/* Begin XCBuildConfiguration section */
		D3C5002D2AE36F4000EFAEFF /* Debug */ = {
			isa = XCBuildConfiguration;
			buildSettings = {
				ALWAYS_SEARCH_USER_PATHS = NO;
				ASSETCATALOG_COMPILER_GENERATE_SWIFT_ASSET_SYMBOL_EXTENSIONS = YES;
				CLANG_ANALYZER_NONNULL = YES;
				CLANG_ANALYZER_NUMBER_OBJECT_CONVERSION = YES_AGGRESSIVE;
				CLANG_CXX_LANGUAGE_STANDARD = "gnu++20";
				CLANG_ENABLE_MODULES = YES;
				CLANG_ENABLE_OBJC_ARC = YES;
				CLANG_ENABLE_OBJC_WEAK = YES;
				CLANG_WARN_BLOCK_CAPTURE_AUTORELEASING = YES;
				CLANG_WARN_BOOL_CONVERSION = YES;
				CLANG_WARN_COMMA = YES;
				CLANG_WARN_CONSTANT_CONVERSION = YES;
				CLANG_WARN_DEPRECATED_OBJC_IMPLEMENTATIONS = YES;
				CLANG_WARN_DIRECT_OBJC_ISA_USAGE = YES_ERROR;
				CLANG_WARN_DOCUMENTATION_COMMENTS = YES;
				CLANG_WARN_EMPTY_BODY = YES;
				CLANG_WARN_ENUM_CONVERSION = YES;
				CLANG_WARN_INFINITE_RECURSION = YES;
				CLANG_WARN_INT_CONVERSION = YES;
				CLANG_WARN_NON_LITERAL_NULL_CONVERSION = YES;
				CLANG_WARN_OBJC_IMPLICIT_RETAIN_SELF = YES;
				CLANG_WARN_OBJC_LITERAL_CONVERSION = YES;
				CLANG_WARN_OBJC_ROOT_CLASS = YES_ERROR;
				CLANG_WARN_QUOTED_INCLUDE_IN_FRAMEWORK_HEADER = YES;
				CLANG_WARN_RANGE_LOOP_ANALYSIS = YES;
				CLANG_WARN_STRICT_PROTOTYPES = YES;
				CLANG_WARN_SUSPICIOUS_MOVE = YES;
				CLANG_WARN_UNGUARDED_AVAILABILITY = YES_AGGRESSIVE;
				CLANG_WARN_UNREACHABLE_CODE = YES;
				CLANG_WARN__DUPLICATE_METHOD_MATCH = YES;
				COPY_PHASE_STRIP = NO;
				DEBUG_INFORMATION_FORMAT = dwarf;
				ENABLE_STRICT_OBJC_MSGSEND = YES;
				ENABLE_TESTABILITY = YES;
				ENABLE_USER_SCRIPT_SANDBOXING = NO;
				GCC_C_LANGUAGE_STANDARD = gnu17;
				GCC_DYNAMIC_NO_PIC = NO;
				GCC_NO_COMMON_BLOCKS = YES;
				GCC_OPTIMIZATION_LEVEL = 0;
				GCC_PREPROCESSOR_DEFINITIONS = (
					"DEBUG=1",
					"$(inherited)",
				);
				GCC_WARN_64_TO_32_BIT_CONVERSION = YES;
				GCC_WARN_ABOUT_RETURN_TYPE = YES_ERROR;
				GCC_WARN_UNDECLARED_SELECTOR = YES;
				GCC_WARN_UNINITIALIZED_AUTOS = YES_AGGRESSIVE;
				GCC_WARN_UNUSED_FUNCTION = YES;
				GCC_WARN_UNUSED_VARIABLE = YES;
				LOCALIZATION_PREFERS_STRING_CATALOGS = YES;
				MTL_ENABLE_DEBUG_INFO = INCLUDE_SOURCE;
				MTL_FAST_MATH = YES;
				ONLY_ACTIVE_ARCH = YES;
				SWIFT_ACTIVE_COMPILATION_CONDITIONS = "DEBUG $(inherited)";
				SWIFT_OPTIMIZATION_LEVEL = "-Onone";
			};
			name = Debug;
		};
		D3C5002E2AE36F4000EFAEFF /* Release */ = {
			isa = XCBuildConfiguration;
			buildSettings = {
				ALWAYS_SEARCH_USER_PATHS = NO;
				ASSETCATALOG_COMPILER_GENERATE_SWIFT_ASSET_SYMBOL_EXTENSIONS = YES;
				CLANG_ANALYZER_NONNULL = YES;
				CLANG_ANALYZER_NUMBER_OBJECT_CONVERSION = YES_AGGRESSIVE;
				CLANG_CXX_LANGUAGE_STANDARD = "gnu++20";
				CLANG_ENABLE_MODULES = YES;
				CLANG_ENABLE_OBJC_ARC = YES;
				CLANG_ENABLE_OBJC_WEAK = YES;
				CLANG_WARN_BLOCK_CAPTURE_AUTORELEASING = YES;
				CLANG_WARN_BOOL_CONVERSION = YES;
				CLANG_WARN_COMMA = YES;
				CLANG_WARN_CONSTANT_CONVERSION = YES;
				CLANG_WARN_DEPRECATED_OBJC_IMPLEMENTATIONS = YES;
				CLANG_WARN_DIRECT_OBJC_ISA_USAGE = YES_ERROR;
				CLANG_WARN_DOCUMENTATION_COMMENTS = YES;
				CLANG_WARN_EMPTY_BODY = YES;
				CLANG_WARN_ENUM_CONVERSION = YES;
				CLANG_WARN_INFINITE_RECURSION = YES;
				CLANG_WARN_INT_CONVERSION = YES;
				CLANG_WARN_NON_LITERAL_NULL_CONVERSION = YES;
				CLANG_WARN_OBJC_IMPLICIT_RETAIN_SELF = YES;
				CLANG_WARN_OBJC_LITERAL_CONVERSION = YES;
				CLANG_WARN_OBJC_ROOT_CLASS = YES_ERROR;
				CLANG_WARN_QUOTED_INCLUDE_IN_FRAMEWORK_HEADER = YES;
				CLANG_WARN_RANGE_LOOP_ANALYSIS = YES;
				CLANG_WARN_STRICT_PROTOTYPES = YES;
				CLANG_WARN_SUSPICIOUS_MOVE = YES;
				CLANG_WARN_UNGUARDED_AVAILABILITY = YES_AGGRESSIVE;
				CLANG_WARN_UNREACHABLE_CODE = YES;
				CLANG_WARN__DUPLICATE_METHOD_MATCH = YES;
				COPY_PHASE_STRIP = NO;
				DEBUG_INFORMATION_FORMAT = "dwarf-with-dsym";
				ENABLE_NS_ASSERTIONS = NO;
				ENABLE_STRICT_OBJC_MSGSEND = YES;
				ENABLE_USER_SCRIPT_SANDBOXING = NO;
				GCC_C_LANGUAGE_STANDARD = gnu17;
				GCC_NO_COMMON_BLOCKS = YES;
				GCC_WARN_64_TO_32_BIT_CONVERSION = YES;
				GCC_WARN_ABOUT_RETURN_TYPE = YES_ERROR;
				GCC_WARN_UNDECLARED_SELECTOR = YES;
				GCC_WARN_UNINITIALIZED_AUTOS = YES_AGGRESSIVE;
				GCC_WARN_UNUSED_FUNCTION = YES;
				GCC_WARN_UNUSED_VARIABLE = YES;
				LOCALIZATION_PREFERS_STRING_CATALOGS = YES;
				MTL_ENABLE_DEBUG_INFO = NO;
				MTL_FAST_MATH = YES;
				SWIFT_COMPILATION_MODE = wholemodule;
			};
			name = Release;
		};
		D3C500302AE36F4000EFAEFF /* Debug */ = {
			isa = XCBuildConfiguration;
			buildSettings = {
				ASSETCATALOG_COMPILER_APPICON_NAME = AppIcon;
				ASSETCATALOG_COMPILER_GLOBAL_ACCENT_COLOR_NAME = AccentColor;
				CODE_SIGN_ENTITLEMENTS = "SoccerBeat Watch App/SoccerBeat Watch App.entitlements";
				CODE_SIGN_IDENTITY = "Apple Development";
				CODE_SIGN_STYLE = Automatic;
				CURRENT_PROJECT_VERSION = 1;
				DEVELOPMENT_ASSET_PATHS = "\"SoccerBeat Watch App/Preview Content\"";
				DEVELOPMENT_TEAM = D7F6ZDDCV9;
				ENABLE_PREVIEWS = YES;
				GENERATE_INFOPLIST_FILE = YES;
				INFOPLIST_FILE = "SoccerBeat-Watch-App-Info.plist";
				INFOPLIST_KEY_CFBundleDisplayName = SoccerBeat;
				INFOPLIST_KEY_NSHealthClinicalHealthRecordsShareUsageDescription = "SoccerBeat의 경기 데이터 분석을 위해 사용됩니다.";
				INFOPLIST_KEY_NSHealthShareUsageDescription = "SoccerBeat의 경기 데이터 분석을 위해 사용됩니다.";
				INFOPLIST_KEY_NSHealthUpdateUsageDescription = "SoccerBeat의 경기 데이터 분석을 위해 사용됩니다.";
				INFOPLIST_KEY_NSLocationAlwaysAndWhenInUseUsageDescription = "내 위치 확인을 위해 권한이 필요합니다.";
				INFOPLIST_KEY_NSLocationWhenInUseUsageDescription = "내 위치 확인을 위해 권한이 필요합니다. ";
				INFOPLIST_KEY_UISupportedInterfaceOrientations = "UIInterfaceOrientationPortrait UIInterfaceOrientationPortraitUpsideDown";
				INFOPLIST_KEY_WKCompanionAppBundleIdentifier = com.SoccerBeat.GuryongpoIOS;
				LD_RUNPATH_SEARCH_PATHS = (
					"$(inherited)",
					"@executable_path/Frameworks",
				);
				MARKETING_VERSION = 1.0.0;
				PRODUCT_BUNDLE_IDENTIFIER = com.SoccerBeat.GuryongpoIOS.watchkitapp;
				PRODUCT_NAME = "$(TARGET_NAME)";
				PROVISIONING_PROFILE_SPECIFIER = "";
				SDKROOT = watchos;
				SKIP_INSTALL = YES;
				SWIFT_EMIT_LOC_STRINGS = YES;
				SWIFT_VERSION = 5.0;
				TARGETED_DEVICE_FAMILY = 4;
				WATCHOS_DEPLOYMENT_TARGET = 9.0;
			};
			name = Debug;
		};
		D3C500312AE36F4000EFAEFF /* Release */ = {
			isa = XCBuildConfiguration;
			buildSettings = {
				ASSETCATALOG_COMPILER_APPICON_NAME = AppIcon;
				ASSETCATALOG_COMPILER_GLOBAL_ACCENT_COLOR_NAME = AccentColor;
				CODE_SIGN_ENTITLEMENTS = "SoccerBeat Watch App/SoccerBeat Watch App.entitlements";
				CODE_SIGN_IDENTITY = "Apple Development";
				CODE_SIGN_STYLE = Automatic;
				CURRENT_PROJECT_VERSION = 1;
				DEVELOPMENT_ASSET_PATHS = "\"SoccerBeat Watch App/Preview Content\"";
				DEVELOPMENT_TEAM = D7F6ZDDCV9;
				ENABLE_PREVIEWS = YES;
				GENERATE_INFOPLIST_FILE = YES;
				INFOPLIST_FILE = "SoccerBeat-Watch-App-Info.plist";
				INFOPLIST_KEY_CFBundleDisplayName = SoccerBeat;
				INFOPLIST_KEY_NSHealthClinicalHealthRecordsShareUsageDescription = "SoccerBeat의 경기 데이터 분석을 위해 사용됩니다.";
				INFOPLIST_KEY_NSHealthShareUsageDescription = "SoccerBeat의 경기 데이터 분석을 위해 사용됩니다.";
				INFOPLIST_KEY_NSHealthUpdateUsageDescription = "SoccerBeat의 경기 데이터 분석을 위해 사용됩니다.";
				INFOPLIST_KEY_NSLocationAlwaysAndWhenInUseUsageDescription = "내 위치 확인을 위해 권한이 필요합니다.";
				INFOPLIST_KEY_NSLocationWhenInUseUsageDescription = "내 위치 확인을 위해 권한이 필요합니다. ";
				INFOPLIST_KEY_UISupportedInterfaceOrientations = "UIInterfaceOrientationPortrait UIInterfaceOrientationPortraitUpsideDown";
				INFOPLIST_KEY_WKCompanionAppBundleIdentifier = com.GuryongpoIOS.Guryongpo;
				LD_RUNPATH_SEARCH_PATHS = (
					"$(inherited)",
					"@executable_path/Frameworks",
				);
				MARKETING_VERSION = 1.0.0;
				PRODUCT_BUNDLE_IDENTIFIER = com.SoccerBeat.GuryongpoIOS.watchkitapp;
				PRODUCT_NAME = "$(TARGET_NAME)";
				PROVISIONING_PROFILE_SPECIFIER = "";
				SDKROOT = watchos;
				SKIP_INSTALL = YES;
				SWIFT_EMIT_LOC_STRINGS = YES;
				SWIFT_VERSION = 5.0;
				TARGETED_DEVICE_FAMILY = 4;
				VALIDATE_PRODUCT = YES;
				WATCHOS_DEPLOYMENT_TARGET = 9.0;
			};
			name = Release;
		};
		D3C500342AE36F4000EFAEFF /* Debug */ = {
			isa = XCBuildConfiguration;
			buildSettings = {
				ALWAYS_EMBED_SWIFT_STANDARD_LIBRARIES = YES;
				ASSETCATALOG_COMPILER_APPICON_NAME = AppIcon;
				ASSETCATALOG_COMPILER_GLOBAL_ACCENT_COLOR_NAME = AccentColor;
				CODE_SIGN_ENTITLEMENTS = SoccerBeat/SoccerBeat.entitlements;
				CODE_SIGN_IDENTITY = "Apple Development";
				CODE_SIGN_STYLE = Automatic;
				CURRENT_PROJECT_VERSION = 1;
				DEVELOPMENT_ASSET_PATHS = "\"SoccerBeat/Preview Content\"";
				DEVELOPMENT_TEAM = D7F6ZDDCV9;
				ENABLE_PREVIEWS = YES;
				GENERATE_INFOPLIST_FILE = YES;
				INFOPLIST_FILE = SoccerBeat/Info.plist;
				INFOPLIST_KEY_CFBundleDisplayName = SoccerBeat;
				INFOPLIST_KEY_NSHealthShareUsageDescription = "축구 기록을 활용하기 위해 건강 정보가 필요합니다.";
				INFOPLIST_KEY_UIApplicationSceneManifest_Generation = YES;
				INFOPLIST_KEY_UIApplicationSupportsIndirectInputEvents = YES;
				INFOPLIST_KEY_UILaunchScreen_Generation = YES;
				INFOPLIST_KEY_UISupportedInterfaceOrientations_iPad = "UIInterfaceOrientationPortrait UIInterfaceOrientationPortraitUpsideDown UIInterfaceOrientationLandscapeLeft UIInterfaceOrientationLandscapeRight";
				INFOPLIST_KEY_UISupportedInterfaceOrientations_iPhone = "UIInterfaceOrientationPortrait UIInterfaceOrientationLandscapeLeft UIInterfaceOrientationLandscapeRight";
				INFOPLIST_KEY_UIUserInterfaceStyle = Dark;
				IPHONEOS_DEPLOYMENT_TARGET = 16.0;
				LD_RUNPATH_SEARCH_PATHS = (
					"$(inherited)",
					"@executable_path/Frameworks",
				);
				MARKETING_VERSION = 1.0.0;
				PRODUCT_BUNDLE_IDENTIFIER = com.SoccerBeatGucci.Guryongpo;
				PRODUCT_NAME = "$(TARGET_NAME)";
				PROVISIONING_PROFILE_SPECIFIER = "";
				SDKROOT = iphoneos;
				SWIFT_EMIT_LOC_STRINGS = YES;
				SWIFT_VERSION = 5.0;
				TARGETED_DEVICE_FAMILY = "1,2";
			};
			name = Debug;
		};
		D3C500352AE36F4000EFAEFF /* Release */ = {
			isa = XCBuildConfiguration;
			buildSettings = {
				ALWAYS_EMBED_SWIFT_STANDARD_LIBRARIES = YES;
				ASSETCATALOG_COMPILER_APPICON_NAME = AppIcon;
				ASSETCATALOG_COMPILER_GLOBAL_ACCENT_COLOR_NAME = AccentColor;
				CODE_SIGN_ENTITLEMENTS = SoccerBeat/SoccerBeat.entitlements;
				CODE_SIGN_IDENTITY = "Apple Development";
				CODE_SIGN_STYLE = Automatic;
				CURRENT_PROJECT_VERSION = 1;
				DEVELOPMENT_ASSET_PATHS = "\"SoccerBeat/Preview Content\"";
				DEVELOPMENT_TEAM = D7F6ZDDCV9;
				ENABLE_PREVIEWS = YES;
				GENERATE_INFOPLIST_FILE = YES;
				INFOPLIST_FILE = SoccerBeat/Info.plist;
				INFOPLIST_KEY_CFBundleDisplayName = SoccerBeat;
				INFOPLIST_KEY_NSHealthShareUsageDescription = "축구 기록을 활용하기 위해 건강 정보가 필요합니다.";
				INFOPLIST_KEY_UIApplicationSceneManifest_Generation = YES;
				INFOPLIST_KEY_UIApplicationSupportsIndirectInputEvents = YES;
				INFOPLIST_KEY_UILaunchScreen_Generation = YES;
				INFOPLIST_KEY_UISupportedInterfaceOrientations_iPad = "UIInterfaceOrientationPortrait UIInterfaceOrientationPortraitUpsideDown UIInterfaceOrientationLandscapeLeft UIInterfaceOrientationLandscapeRight";
				INFOPLIST_KEY_UISupportedInterfaceOrientations_iPhone = "UIInterfaceOrientationPortrait UIInterfaceOrientationLandscapeLeft UIInterfaceOrientationLandscapeRight";
				INFOPLIST_KEY_UIUserInterfaceStyle = Dark;
				IPHONEOS_DEPLOYMENT_TARGET = 16.0;
				LD_RUNPATH_SEARCH_PATHS = (
					"$(inherited)",
					"@executable_path/Frameworks",
				);
				MARKETING_VERSION = 1.0.0;
				PRODUCT_BUNDLE_IDENTIFIER = com.SoccerBeatGucci.Guryongpo;
				PRODUCT_NAME = "$(TARGET_NAME)";
				PROVISIONING_PROFILE_SPECIFIER = "";
				SDKROOT = iphoneos;
				SWIFT_EMIT_LOC_STRINGS = YES;
				SWIFT_VERSION = 5.0;
				TARGETED_DEVICE_FAMILY = "1,2";
				VALIDATE_PRODUCT = YES;
			};
			name = Release;
		};
/* End XCBuildConfiguration section */

/* Begin XCConfigurationList section */
		D3C5000A2AE36F3E00EFAEFF /* Build configuration list for PBXProject "SoccerBeat" */ = {
			isa = XCConfigurationList;
			buildConfigurations = (
				D3C5002D2AE36F4000EFAEFF /* Debug */,
				D3C5002E2AE36F4000EFAEFF /* Release */,
			);
			defaultConfigurationIsVisible = 0;
			defaultConfigurationName = Release;
		};
		D3C5002F2AE36F4000EFAEFF /* Build configuration list for PBXNativeTarget "SoccerBeat Watch App" */ = {
			isa = XCConfigurationList;
			buildConfigurations = (
				D3C500302AE36F4000EFAEFF /* Debug */,
				D3C500312AE36F4000EFAEFF /* Release */,
			);
			defaultConfigurationIsVisible = 0;
			defaultConfigurationName = Release;
		};
		D3C500332AE36F4000EFAEFF /* Build configuration list for PBXNativeTarget "SoccerBeat" */ = {
			isa = XCConfigurationList;
			buildConfigurations = (
				D3C500342AE36F4000EFAEFF /* Debug */,
				D3C500352AE36F4000EFAEFF /* Release */,
			);
			defaultConfigurationIsVisible = 0;
			defaultConfigurationName = Release;
		};
/* End XCConfigurationList section */
	};
	rootObject = D3C500072AE36F3E00EFAEFF /* Project object */;
}
